// !$*UTF8*$!
{
	archiveVersion = 1;
	classes = {
	};
	objectVersion = 56;
	objects = {

/* Begin PBXBuildFile section */
		200585332ACD6D6B000EB7BC /* AppDelegate.swift in Sources */ = {isa = PBXBuildFile; fileRef = 200585322ACD6D6B000EB7BC /* AppDelegate.swift */; };
		200585352ACD6D6B000EB7BC /* SceneDelegate.swift in Sources */ = {isa = PBXBuildFile; fileRef = 200585342ACD6D6B000EB7BC /* SceneDelegate.swift */; };
		200585372ACD6D6B000EB7BC /* ViewController.swift in Sources */ = {isa = PBXBuildFile; fileRef = 200585362ACD6D6B000EB7BC /* ViewController.swift */; };
		2005853A2ACD6D6B000EB7BC /* Main.storyboard in Resources */ = {isa = PBXBuildFile; fileRef = 200585382ACD6D6B000EB7BC /* Main.storyboard */; };
		2005853C2ACD6D6B000EB7BC /* Assets.xcassets in Resources */ = {isa = PBXBuildFile; fileRef = 2005853B2ACD6D6B000EB7BC /* Assets.xcassets */; };
		2005853F2ACD6D6B000EB7BC /* LaunchScreen.storyboard in Resources */ = {isa = PBXBuildFile; fileRef = 2005853D2ACD6D6B000EB7BC /* LaunchScreen.storyboard */; };
		2005854A2ACD6D6B000EB7BC /* study_3_delegateTests.swift in Sources */ = {isa = PBXBuildFile; fileRef = 200585492ACD6D6B000EB7BC /* study_3_delegateTests.swift */; };
		200585542ACD6D6B000EB7BC /* study_3_delegateUITests.swift in Sources */ = {isa = PBXBuildFile; fileRef = 200585532ACD6D6B000EB7BC /* study_3_delegateUITests.swift */; };
		200585562ACD6D6B000EB7BC /* study_3_delegateUITestsLaunchTests.swift in Sources */ = {isa = PBXBuildFile; fileRef = 200585552ACD6D6B000EB7BC /* study_3_delegateUITestsLaunchTests.swift */; };
		200585652ACD70B8000EB7BC /* SecondViewController.swift in Sources */ = {isa = PBXBuildFile; fileRef = 200585642ACD70B8000EB7BC /* SecondViewController.swift */; };
/* End PBXBuildFile section */

/* Begin PBXContainerItemProxy section */
		200585462ACD6D6B000EB7BC /* PBXContainerItemProxy */ = {
			isa = PBXContainerItemProxy;
			containerPortal = 200585272ACD6D6B000EB7BC /* Project object */;
			proxyType = 1;
			remoteGlobalIDString = 2005852E2ACD6D6B000EB7BC;
			remoteInfo = study_3_delegate;
		};
		200585502ACD6D6B000EB7BC /* PBXContainerItemProxy */ = {
			isa = PBXContainerItemProxy;
			containerPortal = 200585272ACD6D6B000EB7BC /* Project object */;
			proxyType = 1;
			remoteGlobalIDString = 2005852E2ACD6D6B000EB7BC;
			remoteInfo = study_3_delegate;
		};
/* End PBXContainerItemProxy section */

/* Begin PBXFileReference section */
		2005852F2ACD6D6B000EB7BC /* study_3_delegate.app */ = {isa = PBXFileReference; explicitFileType = wrapper.application; includeInIndex = 0; path = study_3_delegate.app; sourceTree = BUILT_PRODUCTS_DIR; };
		200585322ACD6D6B000EB7BC /* AppDelegate.swift */ = {isa = PBXFileReference; lastKnownFileType = sourcecode.swift; path = AppDelegate.swift; sourceTree = "<group>"; };
		200585342ACD6D6B000EB7BC /* SceneDelegate.swift */ = {isa = PBXFileReference; lastKnownFileType = sourcecode.swift; path = SceneDelegate.swift; sourceTree = "<group>"; };
		200585362ACD6D6B000EB7BC /* ViewController.swift */ = {isa = PBXFileReference; lastKnownFileType = sourcecode.swift; path = ViewController.swift; sourceTree = "<group>"; };
		200585392ACD6D6B000EB7BC /* Base */ = {isa = PBXFileReference; lastKnownFileType = file.storyboard; name = Base; path = Base.lproj/Main.storyboard; sourceTree = "<group>"; };
		2005853B2ACD6D6B000EB7BC /* Assets.xcassets */ = {isa = PBXFileReference; lastKnownFileType = folder.assetcatalog; path = Assets.xcassets; sourceTree = "<group>"; };
		2005853E2ACD6D6B000EB7BC /* Base */ = {isa = PBXFileReference; lastKnownFileType = file.storyboard; name = Base; path = Base.lproj/LaunchScreen.storyboard; sourceTree = "<group>"; };
		200585402ACD6D6B000EB7BC /* Info.plist */ = {isa = PBXFileReference; lastKnownFileType = text.plist.xml; path = Info.plist; sourceTree = "<group>"; };
		200585452ACD6D6B000EB7BC /* study_3_delegateTests.xctest */ = {isa = PBXFileReference; explicitFileType = wrapper.cfbundle; includeInIndex = 0; path = study_3_delegateTests.xctest; sourceTree = BUILT_PRODUCTS_DIR; };
		200585492ACD6D6B000EB7BC /* study_3_delegateTests.swift */ = {isa = PBXFileReference; lastKnownFileType = sourcecode.swift; path = study_3_delegateTests.swift; sourceTree = "<group>"; };
		2005854F2ACD6D6B000EB7BC /* study_3_delegateUITests.xctest */ = {isa = PBXFileReference; explicitFileType = wrapper.cfbundle; includeInIndex = 0; path = study_3_delegateUITests.xctest; sourceTree = BUILT_PRODUCTS_DIR; };
		200585532ACD6D6B000EB7BC /* study_3_delegateUITests.swift */ = {isa = PBXFileReference; lastKnownFileType = sourcecode.swift; path = study_3_delegateUITests.swift; sourceTree = "<group>"; };
		200585552ACD6D6B000EB7BC /* study_3_delegateUITestsLaunchTests.swift */ = {isa = PBXFileReference; lastKnownFileType = sourcecode.swift; path = study_3_delegateUITestsLaunchTests.swift; sourceTree = "<group>"; };
		200585642ACD70B8000EB7BC /* SecondViewController.swift */ = {isa = PBXFileReference; lastKnownFileType = sourcecode.swift; path = SecondViewController.swift; sourceTree = "<group>"; };
/* End PBXFileReference section */

/* Begin PBXFrameworksBuildPhase section */
		2005852C2ACD6D6B000EB7BC /* Frameworks */ = {
			isa = PBXFrameworksBuildPhase;
			buildActionMask = 2147483647;
			files = (
			);
			runOnlyForDeploymentPostprocessing = 0;
		};
		200585422ACD6D6B000EB7BC /* Frameworks */ = {
			isa = PBXFrameworksBuildPhase;
			buildActionMask = 2147483647;
			files = (
			);
			runOnlyForDeploymentPostprocessing = 0;
		};
		2005854C2ACD6D6B000EB7BC /* Frameworks */ = {
			isa = PBXFrameworksBuildPhase;
			buildActionMask = 2147483647;
			files = (
			);
			runOnlyForDeploymentPostprocessing = 0;
		};
/* End PBXFrameworksBuildPhase section */

/* Begin PBXGroup section */
		200585262ACD6D6B000EB7BC = {
			isa = PBXGroup;
			children = (
				200585312ACD6D6B000EB7BC /* study_3_delegate */,
				200585482ACD6D6B000EB7BC /* study_3_delegateTests */,
				200585522ACD6D6B000EB7BC /* study_3_delegateUITests */,
				200585302ACD6D6B000EB7BC /* Products */,
			);
			sourceTree = "<group>";
		};
		200585302ACD6D6B000EB7BC /* Products */ = {
			isa = PBXGroup;
			children = (
				2005852F2ACD6D6B000EB7BC /* study_3_delegate.app */,
				200585452ACD6D6B000EB7BC /* study_3_delegateTests.xctest */,
				2005854F2ACD6D6B000EB7BC /* study_3_delegateUITests.xctest */,
			);
			name = Products;
			sourceTree = "<group>";
		};
		200585312ACD6D6B000EB7BC /* study_3_delegate */ = {
			isa = PBXGroup;
			children = (
				200585322ACD6D6B000EB7BC /* AppDelegate.swift */,
				200585342ACD6D6B000EB7BC /* SceneDelegate.swift */,
				200585362ACD6D6B000EB7BC /* ViewController.swift */,
				200585382ACD6D6B000EB7BC /* Main.storyboard */,
				2005853B2ACD6D6B000EB7BC /* Assets.xcassets */,
				2005853D2ACD6D6B000EB7BC /* LaunchScreen.storyboard */,
				200585402ACD6D6B000EB7BC /* Info.plist */,
				200585642ACD70B8000EB7BC /* SecondViewController.swift */,
			);
			path = study_3_delegate;
			sourceTree = "<group>";
		};
		200585482ACD6D6B000EB7BC /* study_3_delegateTests */ = {
			isa = PBXGroup;
			children = (
				200585492ACD6D6B000EB7BC /* study_3_delegateTests.swift */,
			);
			path = study_3_delegateTests;
			sourceTree = "<group>";
		};
		200585522ACD6D6B000EB7BC /* study_3_delegateUITests */ = {
			isa = PBXGroup;
			children = (
				200585532ACD6D6B000EB7BC /* study_3_delegateUITests.swift */,
				200585552ACD6D6B000EB7BC /* study_3_delegateUITestsLaunchTests.swift */,
			);
			path = study_3_delegateUITests;
			sourceTree = "<group>";
		};
/* End PBXGroup section */

/* Begin PBXNativeTarget section */
		2005852E2ACD6D6B000EB7BC /* study_3_delegate */ = {
			isa = PBXNativeTarget;
			buildConfigurationList = 200585592ACD6D6B000EB7BC /* Build configuration list for PBXNativeTarget "study_3_delegate" */;
			buildPhases = (
				2005852B2ACD6D6B000EB7BC /* Sources */,
				2005852C2ACD6D6B000EB7BC /* Frameworks */,
				2005852D2ACD6D6B000EB7BC /* Resources */,
			);
			buildRules = (
			);
			dependencies = (
			);
			name = study_3_delegate;
			productName = study_3_delegate;
			productReference = 2005852F2ACD6D6B000EB7BC /* study_3_delegate.app */;
			productType = "com.apple.product-type.application";
		};
		200585442ACD6D6B000EB7BC /* study_3_delegateTests */ = {
			isa = PBXNativeTarget;
			buildConfigurationList = 2005855C2ACD6D6B000EB7BC /* Build configuration list for PBXNativeTarget "study_3_delegateTests" */;
			buildPhases = (
				200585412ACD6D6B000EB7BC /* Sources */,
				200585422ACD6D6B000EB7BC /* Frameworks */,
				200585432ACD6D6B000EB7BC /* Resources */,
			);
			buildRules = (
			);
			dependencies = (
				200585472ACD6D6B000EB7BC /* PBXTargetDependency */,
			);
			name = study_3_delegateTests;
			productName = study_3_delegateTests;
			productReference = 200585452ACD6D6B000EB7BC /* study_3_delegateTests.xctest */;
			productType = "com.apple.product-type.bundle.unit-test";
		};
		2005854E2ACD6D6B000EB7BC /* study_3_delegateUITests */ = {
			isa = PBXNativeTarget;
			buildConfigurationList = 2005855F2ACD6D6B000EB7BC /* Build configuration list for PBXNativeTarget "study_3_delegateUITests" */;
			buildPhases = (
				2005854B2ACD6D6B000EB7BC /* Sources */,
				2005854C2ACD6D6B000EB7BC /* Frameworks */,
				2005854D2ACD6D6B000EB7BC /* Resources */,
			);
			buildRules = (
			);
			dependencies = (
				200585512ACD6D6B000EB7BC /* PBXTargetDependency */,
			);
			name = study_3_delegateUITests;
			productName = study_3_delegateUITests;
			productReference = 2005854F2ACD6D6B000EB7BC /* study_3_delegateUITests.xctest */;
			productType = "com.apple.product-type.bundle.ui-testing";
		};
/* End PBXNativeTarget section */

/* Begin PBXProject section */
		200585272ACD6D6B000EB7BC /* Project object */ = {
			isa = PBXProject;
			attributes = {
				BuildIndependentTargetsInParallel = 1;
				LastSwiftUpdateCheck = 1500;
				LastUpgradeCheck = 1500;
				TargetAttributes = {
					2005852E2ACD6D6B000EB7BC = {
						CreatedOnToolsVersion = 15.0;
					};
					200585442ACD6D6B000EB7BC = {
						CreatedOnToolsVersion = 15.0;
						TestTargetID = 2005852E2ACD6D6B000EB7BC;
					};
					2005854E2ACD6D6B000EB7BC = {
						CreatedOnToolsVersion = 15.0;
						TestTargetID = 2005852E2ACD6D6B000EB7BC;
					};
				};
			};
			buildConfigurationList = 2005852A2ACD6D6B000EB7BC /* Build configuration list for PBXProject "study_3_delegate" */;
			compatibilityVersion = "Xcode 14.0";
			developmentRegion = en;
			hasScannedForEncodings = 0;
			knownRegions = (
				en,
				Base,
			);
			mainGroup = 200585262ACD6D6B000EB7BC;
			productRefGroup = 200585302ACD6D6B000EB7BC /* Products */;
			projectDirPath = "";
			projectRoot = "";
			targets = (
				2005852E2ACD6D6B000EB7BC /* study_3_delegate */,
				200585442ACD6D6B000EB7BC /* study_3_delegateTests */,
				2005854E2ACD6D6B000EB7BC /* study_3_delegateUITests */,
			);
		};
/* End PBXProject section */

/* Begin PBXResourcesBuildPhase section */
		2005852D2ACD6D6B000EB7BC /* Resources */ = {
			isa = PBXResourcesBuildPhase;
			buildActionMask = 2147483647;
			files = (
				2005853F2ACD6D6B000EB7BC /* LaunchScreen.storyboard in Resources */,
				2005853C2ACD6D6B000EB7BC /* Assets.xcassets in Resources */,
				2005853A2ACD6D6B000EB7BC /* Main.storyboard in Resources */,
			);
			runOnlyForDeploymentPostprocessing = 0;
		};
		200585432ACD6D6B000EB7BC /* Resources */ = {
			isa = PBXResourcesBuildPhase;
			buildActionMask = 2147483647;
			files = (
			);
			runOnlyForDeploymentPostprocessing = 0;
		};
		2005854D2ACD6D6B000EB7BC /* Resources */ = {
			isa = PBXResourcesBuildPhase;
			buildActionMask = 2147483647;
			files = (
			);
			runOnlyForDeploymentPostprocessing = 0;
		};
/* End PBXResourcesBuildPhase section */

/* Begin PBXSourcesBuildPhase section */
		2005852B2ACD6D6B000EB7BC /* Sources */ = {
			isa = PBXSourcesBuildPhase;
			buildActionMask = 2147483647;
			files = (
				200585652ACD70B8000EB7BC /* SecondViewController.swift in Sources */,
				200585372ACD6D6B000EB7BC /* ViewController.swift in Sources */,
				200585332ACD6D6B000EB7BC /* AppDelegate.swift in Sources */,
				200585352ACD6D6B000EB7BC /* SceneDelegate.swift in Sources */,
			);
			runOnlyForDeploymentPostprocessing = 0;
		};
		200585412ACD6D6B000EB7BC /* Sources */ = {
			isa = PBXSourcesBuildPhase;
			buildActionMask = 2147483647;
			files = (
				2005854A2ACD6D6B000EB7BC /* study_3_delegateTests.swift in Sources */,
			);
			runOnlyForDeploymentPostprocessing = 0;
		};
		2005854B2ACD6D6B000EB7BC /* Sources */ = {
			isa = PBXSourcesBuildPhase;
			buildActionMask = 2147483647;
			files = (
				200585542ACD6D6B000EB7BC /* study_3_delegateUITests.swift in Sources */,
				200585562ACD6D6B000EB7BC /* study_3_delegateUITestsLaunchTests.swift in Sources */,
			);
			runOnlyForDeploymentPostprocessing = 0;
		};
/* End PBXSourcesBuildPhase section */

/* Begin PBXTargetDependency section */
		200585472ACD6D6B000EB7BC /* PBXTargetDependency */ = {
			isa = PBXTargetDependency;
			target = 2005852E2ACD6D6B000EB7BC /* study_3_delegate */;
			targetProxy = 200585462ACD6D6B000EB7BC /* PBXContainerItemProxy */;
		};
		200585512ACD6D6B000EB7BC /* PBXTargetDependency */ = {
			isa = PBXTargetDependency;
			target = 2005852E2ACD6D6B000EB7BC /* study_3_delegate */;
			targetProxy = 200585502ACD6D6B000EB7BC /* PBXContainerItemProxy */;
		};
/* End PBXTargetDependency section */

/* Begin PBXVariantGroup section */
		200585382ACD6D6B000EB7BC /* Main.storyboard */ = {
			isa = PBXVariantGroup;
			children = (
				200585392ACD6D6B000EB7BC /* Base */,
			);
			name = Main.storyboard;
			sourceTree = "<group>";
		};
		2005853D2ACD6D6B000EB7BC /* LaunchScreen.storyboard */ = {
			isa = PBXVariantGroup;
			children = (
				2005853E2ACD6D6B000EB7BC /* Base */,
			);
			name = LaunchScreen.storyboard;
			sourceTree = "<group>";
		};
/* End PBXVariantGroup section */

/* Begin XCBuildConfiguration section */
		200585572ACD6D6B000EB7BC /* Debug */ = {
			isa = XCBuildConfiguration;
			buildSettings = {
				ALWAYS_SEARCH_USER_PATHS = NO;
				ASSETCATALOG_COMPILER_GENERATE_SWIFT_ASSET_SYMBOL_EXTENSIONS = YES;
				CLANG_ANALYZER_NONNULL = YES;
				CLANG_ANALYZER_NUMBER_OBJECT_CONVERSION = YES_AGGRESSIVE;
				CLANG_CXX_LANGUAGE_STANDARD = "gnu++20";
				CLANG_ENABLE_MODULES = YES;
				CLANG_ENABLE_OBJC_ARC = YES;
				CLANG_ENABLE_OBJC_WEAK = YES;
				CLANG_WARN_BLOCK_CAPTURE_AUTORELEASING = YES;
				CLANG_WARN_BOOL_CONVERSION = YES;
				CLANG_WARN_COMMA = YES;
				CLANG_WARN_CONSTANT_CONVERSION = YES;
				CLANG_WARN_DEPRECATED_OBJC_IMPLEMENTATIONS = YES;
				CLANG_WARN_DIRECT_OBJC_ISA_USAGE = YES_ERROR;
				CLANG_WARN_DOCUMENTATION_COMMENTS = YES;
				CLANG_WARN_EMPTY_BODY = YES;
				CLANG_WARN_ENUM_CONVERSION = YES;
				CLANG_WARN_INFINITE_RECURSION = YES;
				CLANG_WARN_INT_CONVERSION = YES;
				CLANG_WARN_NON_LITERAL_NULL_CONVERSION = YES;
				CLANG_WARN_OBJC_IMPLICIT_RETAIN_SELF = YES;
				CLANG_WARN_OBJC_LITERAL_CONVERSION = YES;
				CLANG_WARN_OBJC_ROOT_CLASS = YES_ERROR;
				CLANG_WARN_QUOTED_INCLUDE_IN_FRAMEWORK_HEADER = YES;
				CLANG_WARN_RANGE_LOOP_ANALYSIS = YES;
				CLANG_WARN_STRICT_PROTOTYPES = YES;
				CLANG_WARN_SUSPICIOUS_MOVE = YES;
				CLANG_WARN_UNGUARDED_AVAILABILITY = YES_AGGRESSIVE;
				CLANG_WARN_UNREACHABLE_CODE = YES;
				CLANG_WARN__DUPLICATE_METHOD_MATCH = YES;
				COPY_PHASE_STRIP = NO;
				DEBUG_INFORMATION_FORMAT = dwarf;
				ENABLE_STRICT_OBJC_MSGSEND = YES;
				ENABLE_TESTABILITY = YES;
				ENABLE_USER_SCRIPT_SANDBOXING = YES;
				GCC_C_LANGUAGE_STANDARD = gnu17;
				GCC_DYNAMIC_NO_PIC = NO;
				GCC_NO_COMMON_BLOCKS = YES;
				GCC_OPTIMIZATION_LEVEL = 0;
				GCC_PREPROCESSOR_DEFINITIONS = (
					"DEBUG=1",
					"$(inherited)",
				);
				GCC_WARN_64_TO_32_BIT_CONVERSION = YES;
				GCC_WARN_ABOUT_RETURN_TYPE = YES_ERROR;
				GCC_WARN_UNDECLARED_SELECTOR = YES;
				GCC_WARN_UNINITIALIZED_AUTOS = YES_AGGRESSIVE;
				GCC_WARN_UNUSED_FUNCTION = YES;
				GCC_WARN_UNUSED_VARIABLE = YES;
				IPHONEOS_DEPLOYMENT_TARGET = 17.0;
				LOCALIZATION_PREFERS_STRING_CATALOGS = YES;
				MTL_ENABLE_DEBUG_INFO = INCLUDE_SOURCE;
				MTL_FAST_MATH = YES;
				ONLY_ACTIVE_ARCH = YES;
				SDKROOT = iphoneos;
				SWIFT_ACTIVE_COMPILATION_CONDITIONS = "DEBUG $(inherited)";
				SWIFT_OPTIMIZATION_LEVEL = "-Onone";
			};
			name = Debug;
		};
		200585582ACD6D6B000EB7BC /* Release */ = {
			isa = XCBuildConfiguration;
			buildSettings = {
				ALWAYS_SEARCH_USER_PATHS = NO;
				ASSETCATALOG_COMPILER_GENERATE_SWIFT_ASSET_SYMBOL_EXTENSIONS = YES;
				CLANG_ANALYZER_NONNULL = YES;
				CLANG_ANALYZER_NUMBER_OBJECT_CONVERSION = YES_AGGRESSIVE;
				CLANG_CXX_LANGUAGE_STANDARD = "gnu++20";
				CLANG_ENABLE_MODULES = YES;
				CLANG_ENABLE_OBJC_ARC = YES;
				CLANG_ENABLE_OBJC_WEAK = YES;
				CLANG_WARN_BLOCK_CAPTURE_AUTORELEASING = YES;
				CLANG_WARN_BOOL_CONVERSION = YES;
				CLANG_WARN_COMMA = YES;
				CLANG_WARN_CONSTANT_CONVERSION = YES;
				CLANG_WARN_DEPRECATED_OBJC_IMPLEMENTATIONS = YES;
				CLANG_WARN_DIRECT_OBJC_ISA_USAGE = YES_ERROR;
				CLANG_WARN_DOCUMENTATION_COMMENTS = YES;
				CLANG_WARN_EMPTY_BODY = YES;
				CLANG_WARN_ENUM_CONVERSION = YES;
				CLANG_WARN_INFINITE_RECURSION = YES;
				CLANG_WARN_INT_CONVERSION = YES;
				CLANG_WARN_NON_LITERAL_NULL_CONVERSION = YES;
				CLANG_WARN_OBJC_IMPLICIT_RETAIN_SELF = YES;
				CLANG_WARN_OBJC_LITERAL_CONVERSION = YES;
				CLANG_WARN_OBJC_ROOT_CLASS = YES_ERROR;
				CLANG_WARN_QUOTED_INCLUDE_IN_FRAMEWORK_HEADER = YES;
				CLANG_WARN_RANGE_LOOP_ANALYSIS = YES;
				CLANG_WARN_STRICT_PROTOTYPES = YES;
				CLANG_WARN_SUSPICIOUS_MOVE = YES;
				CLANG_WARN_UNGUARDED_AVAILABILITY = YES_AGGRESSIVE;
				CLANG_WARN_UNREACHABLE_CODE = YES;
				CLANG_WARN__DUPLICATE_METHOD_MATCH = YES;
				COPY_PHASE_STRIP = NO;
				DEBUG_INFORMATION_FORMAT = "dwarf-with-dsym";
				ENABLE_NS_ASSERTIONS = NO;
				ENABLE_STRICT_OBJC_MSGSEND = YES;
				ENABLE_USER_SCRIPT_SANDBOXING = YES;
				GCC_C_LANGUAGE_STANDARD = gnu17;
				GCC_NO_COMMON_BLOCKS = YES;
				GCC_WARN_64_TO_32_BIT_CONVERSION = YES;
				GCC_WARN_ABOUT_RETURN_TYPE = YES_ERROR;
				GCC_WARN_UNDECLARED_SELECTOR = YES;
				GCC_WARN_UNINITIALIZED_AUTOS = YES_AGGRESSIVE;
				GCC_WARN_UNUSED_FUNCTION = YES;
				GCC_WARN_UNUSED_VARIABLE = YES;
				IPHONEOS_DEPLOYMENT_TARGET = 17.0;
				LOCALIZATION_PREFERS_STRING_CATALOGS = YES;
				MTL_ENABLE_DEBUG_INFO = NO;
				MTL_FAST_MATH = YES;
				SDKROOT = iphoneos;
				SWIFT_COMPILATION_MODE = wholemodule;
				VALIDATE_PRODUCT = YES;
			};
			name = Release;
		};
		2005855A2ACD6D6B000EB7BC /* Debug */ = {
			isa = XCBuildConfiguration;
			buildSettings = {
				ASSETCATALOG_COMPILER_APPICON_NAME = AppIcon;
				ASSETCATALOG_COMPILER_GLOBAL_ACCENT_COLOR_NAME = AccentColor;
				CODE_SIGN_STYLE = Automatic;
				CURRENT_PROJECT_VERSION = 1;
				DEVELOPMENT_TEAM = 4ND496J48G;
				GENERATE_INFOPLIST_FILE = YES;
				INFOPLIST_FILE = study_3_delegate/Info.plist;
				INFOPLIST_KEY_UIApplicationSupportsIndirectInputEvents = YES;
				INFOPLIST_KEY_UILaunchStoryboardName = LaunchScreen;
				INFOPLIST_KEY_UIMainStoryboardFile = Main;
				INFOPLIST_KEY_UISupportedInterfaceOrientations_iPad = "UIInterfaceOrientationPortrait UIInterfaceOrientationPortraitUpsideDown UIInterfaceOrientationLandscapeLeft UIInterfaceOrientationLandscapeRight";
				INFOPLIST_KEY_UISupportedInterfaceOrientations_iPhone = "UIInterfaceOrientationPortrait UIInterfaceOrientationLandscapeLeft UIInterfaceOrientationLandscapeRight";
				LD_RUNPATH_SEARCH_PATHS = (
					"$(inherited)",
					"@executable_path/Frameworks",
				);
				MARKETING_VERSION = 1.0;
				PRODUCT_BUNDLE_IDENTIFIER = "pky.study-3-delegate";
				PRODUCT_NAME = "$(TARGET_NAME)";
				SWIFT_EMIT_LOC_STRINGS = YES;
				SWIFT_VERSION = 5.0;
				TARGETED_DEVICE_FAMILY = "1,2";
			};
			name = Debug;
		};
		2005855B2ACD6D6B000EB7BC /* Release */ = {
			isa = XCBuildConfiguration;
			buildSettings = {
				ASSETCATALOG_COMPILER_APPICON_NAME = AppIcon;
				ASSETCATALOG_COMPILER_GLOBAL_ACCENT_COLOR_NAME = AccentColor;
				CODE_SIGN_STYLE = Automatic;
				CURRENT_PROJECT_VERSION = 1;
				DEVELOPMENT_TEAM = 4ND496J48G;
				GENERATE_INFOPLIST_FILE = YES;
				INFOPLIST_FILE = study_3_delegate/Info.plist;
				INFOPLIST_KEY_UIApplicationSupportsIndirectInputEvents = YES;
				INFOPLIST_KEY_UILaunchStoryboardName = LaunchScreen;
				INFOPLIST_KEY_UIMainStoryboardFile = Main;
				INFOPLIST_KEY_UISupportedInterfaceOrientations_iPad = "UIInterfaceOrientationPortrait UIInterfaceOrientationPortraitUpsideDown UIInterfaceOrientationLandscapeLeft UIInterfaceOrientationLandscapeRight";
				INFOPLIST_KEY_UISupportedInterfaceOrientations_iPhone = "UIInterfaceOrientationPortrait UIInterfaceOrientationLandscapeLeft UIInterfaceOrientationLandscapeRight";
				LD_RUNPATH_SEARCH_PATHS = (
					"$(inherited)",
					"@executable_path/Frameworks",
				);
				MARKETING_VERSION = 1.0;
				PRODUCT_BUNDLE_IDENTIFIER = "pky.study-3-delegate";
				PRODUCT_NAME = "$(TARGET_NAME)";
				SWIFT_EMIT_LOC_STRINGS = YES;
				SWIFT_VERSION = 5.0;
				TARGETED_DEVICE_FAMILY = "1,2";
			};
			name = Release;
		};
		2005855D2ACD6D6B000EB7BC /* Debug */ = {
			isa = XCBuildConfiguration;
			buildSettings = {
				ALWAYS_EMBED_SWIFT_STANDARD_LIBRARIES = YES;
				BUNDLE_LOADER = "$(TEST_HOST)";
				CODE_SIGN_STYLE = Automatic;
				CURRENT_PROJECT_VERSION = 1;
				DEVELOPMENT_TEAM = 4ND496J48G;
				GENERATE_INFOPLIST_FILE = YES;
				IPHONEOS_DEPLOYMENT_TARGET = 17.0;
				MARKETING_VERSION = 1.0;
				PRODUCT_BUNDLE_IDENTIFIER = "pky.study-3-delegateTests";
				PRODUCT_NAME = "$(TARGET_NAME)";
				SWIFT_EMIT_LOC_STRINGS = NO;
				SWIFT_VERSION = 5.0;
				TARGETED_DEVICE_FAMILY = "1,2";
				TEST_HOST = "$(BUILT_PRODUCTS_DIR)/study_3_delegate.app/$(BUNDLE_EXECUTABLE_FOLDER_PATH)/study_3_delegate";
			};
			name = Debug;
		};
		2005855E2ACD6D6B000EB7BC /* Release */ = {
			isa = XCBuildConfiguration;
			buildSettings = {
				ALWAYS_EMBED_SWIFT_STANDARD_LIBRARIES = YES;
				BUNDLE_LOADER = "$(TEST_HOST)";
				CODE_SIGN_STYLE = Automatic;
				CURRENT_PROJECT_VERSION = 1;
				DEVELOPMENT_TEAM = 4ND496J48G;
				GENERATE_INFOPLIST_FILE = YES;
				IPHONEOS_DEPLOYMENT_TARGET = 17.0;
				MARKETING_VERSION = 1.0;
				PRODUCT_BUNDLE_IDENTIFIER = "pky.study-3-delegateTests";
				PRODUCT_NAME = "$(TARGET_NAME)";
				SWIFT_EMIT_LOC_STRINGS = NO;
				SWIFT_VERSION = 5.0;
				TARGETED_DEVICE_FAMILY = "1,2";
				TEST_HOST = "$(BUILT_PRODUCTS_DIR)/study_3_delegate.app/$(BUNDLE_EXECUTABLE_FOLDER_PATH)/study_3_delegate";
			};
			name = Release;
		};
		200585602ACD6D6B000EB7BC /* Debug */ = {
			isa = XCBuildConfiguration;
			buildSettings = {
				ALWAYS_EMBED_SWIFT_STANDARD_LIBRARIES = YES;
				CODE_SIGN_STYLE = Automatic;
				CURRENT_PROJECT_VERSION = 1;
				DEVELOPMENT_TEAM = 4ND496J48G;
				GENERATE_INFOPLIST_FILE = YES;
				MARKETING_VERSION = 1.0;
				PRODUCT_BUNDLE_IDENTIFIER = "pky.study-3-delegateUITests";
				PRODUCT_NAME = "$(TARGET_NAME)";
				SWIFT_EMIT_LOC_STRINGS = NO;
				SWIFT_VERSION = 5.0;
				TARGETED_DEVICE_FAMILY = "1,2";
				TEST_TARGET_NAME = study_3_delegate;
			};
			name = Debug;
		};
		200585612ACD6D6B000EB7BC /* Release */ = {
			isa = XCBuildConfiguration;
			buildSettings = {
				ALWAYS_EMBED_SWIFT_STANDARD_LIBRARIES = YES;
				CODE_SIGN_STYLE = Automatic;
				CURRENT_PROJECT_VERSION = 1;
				DEVELOPMENT_TEAM = 4ND496J48G;
				GENERATE_INFOPLIST_FILE = YES;
				MARKETING_VERSION = 1.0;
				PRODUCT_BUNDLE_IDENTIFIER = "pky.study-3-delegateUITests";
				PRODUCT_NAME = "$(TARGET_NAME)";
				SWIFT_EMIT_LOC_STRINGS = NO;
				SWIFT_VERSION = 5.0;
				TARGETED_DEVICE_FAMILY = "1,2";
				TEST_TARGET_NAME = study_3_delegate;
			};
			name = Release;
		};
/* End XCBuildConfiguration section */

/* Begin XCConfigurationList section */
		2005852A2ACD6D6B000EB7BC /* Build configuration list for PBXProject "study_3_delegate" */ = {
			isa = XCConfigurationList;
			buildConfigurations = (
				200585572ACD6D6B000EB7BC /* Debug */,
				200585582ACD6D6B000EB7BC /* Release */,
			);
			defaultConfigurationIsVisible = 0;
			defaultConfigurationName = Release;
		};
		200585592ACD6D6B000EB7BC /* Build configuration list for PBXNativeTarget "study_3_delegate" */ = {
			isa = XCConfigurationList;
			buildConfigurations = (
				2005855A2ACD6D6B000EB7BC /* Debug */,
				2005855B2ACD6D6B000EB7BC /* Release */,
			);
			defaultConfigurationIsVisible = 0;
			defaultConfigurationName = Release;
		};
		2005855C2ACD6D6B000EB7BC /* Build configuration list for PBXNativeTarget "study_3_delegateTests" */ = {
			isa = XCConfigurationList;
			buildConfigurations = (
				2005855D2ACD6D6B000EB7BC /* Debug */,
				2005855E2ACD6D6B000EB7BC /* Release */,
			);
			defaultConfigurationIsVisible = 0;
			defaultConfigurationName = Release;
		};
		2005855F2ACD6D6B000EB7BC /* Build configuration list for PBXNativeTarget "study_3_delegateUITests" */ = {
			isa = XCConfigurationList;
			buildConfigurations = (
				200585602ACD6D6B000EB7BC /* Debug */,
				200585612ACD6D6B000EB7BC /* Release */,
			);
			defaultConfigurationIsVisible = 0;
			defaultConfigurationName = Release;
		};
/* End XCConfigurationList section */
	};
	rootObject = 200585272ACD6D6B000EB7BC /* Project object */;
}
