// !$*UTF8*$!
{
	archiveVersion = 1;
	classes = {
	};
	objectVersion = 56;
	objects = {

/* Begin PBXBuildFile section */
		B31FB9202B08DEAB003AD619 /* AppDelegate.swift in Sources */ = {isa = PBXBuildFile; fileRef = B31FB91F2B08DEAB003AD619 /* AppDelegate.swift */; };
		B31FB9222B08DEAB003AD619 /* SceneDelegate.swift in Sources */ = {isa = PBXBuildFile; fileRef = B31FB9212B08DEAB003AD619 /* SceneDelegate.swift */; };
		B31FB9242B08DEAB003AD619 /* ViewController.swift in Sources */ = {isa = PBXBuildFile; fileRef = B31FB9232B08DEAB003AD619 /* ViewController.swift */; };
		B31FB9272B08DEAB003AD619 /* Main.storyboard in Resources */ = {isa = PBXBuildFile; fileRef = B31FB9252B08DEAB003AD619 /* Main.storyboard */; };
		B31FB9292B08DEAD003AD619 /* Assets.xcassets in Resources */ = {isa = PBXBuildFile; fileRef = B31FB9282B08DEAD003AD619 /* Assets.xcassets */; };
		B31FB92C2B08DEAD003AD619 /* LaunchScreen.storyboard in Resources */ = {isa = PBXBuildFile; fileRef = B31FB92A2B08DEAD003AD619 /* LaunchScreen.storyboard */; };
		B31FB93F2B0A656B003AD619 /* GoogleService-Info.plist in Resources */ = {isa = PBXBuildFile; fileRef = B31FB93E2B0A656B003AD619 /* GoogleService-Info.plist */; };
		B31FB9422B0A6673003AD619 /* FirebaseAnalytics in Frameworks */ = {isa = PBXBuildFile; productRef = B31FB9412B0A6673003AD619 /* FirebaseAnalytics */; };
		B31FB9442B0A6673003AD619 /* FirebaseAnalyticsOnDeviceConversion in Frameworks */ = {isa = PBXBuildFile; productRef = B31FB9432B0A6673003AD619 /* FirebaseAnalyticsOnDeviceConversion */; };
		B31FB9462B0A6673003AD619 /* FirebaseAnalyticsSwift in Frameworks */ = {isa = PBXBuildFile; productRef = B31FB9452B0A6673003AD619 /* FirebaseAnalyticsSwift */; };
		B31FB9482B0A6673003AD619 /* FirebaseAnalyticsWithoutAdIdSupport in Frameworks */ = {isa = PBXBuildFile; productRef = B31FB9472B0A6673003AD619 /* FirebaseAnalyticsWithoutAdIdSupport */; };
		B31FB94A2B0A6673003AD619 /* FirebaseAppCheck in Frameworks */ = {isa = PBXBuildFile; productRef = B31FB9492B0A6673003AD619 /* FirebaseAppCheck */; };
		B31FB94C2B0A6673003AD619 /* FirebaseAppDistribution-Beta in Frameworks */ = {isa = PBXBuildFile; productRef = B31FB94B2B0A6673003AD619 /* FirebaseAppDistribution-Beta */; };
		B31FB94E2B0A6673003AD619 /* FirebaseAuth in Frameworks */ = {isa = PBXBuildFile; productRef = B31FB94D2B0A6673003AD619 /* FirebaseAuth */; };
		B31FB9502B0A6673003AD619 /* FirebaseAuthCombine-Community in Frameworks */ = {isa = PBXBuildFile; productRef = B31FB94F2B0A6673003AD619 /* FirebaseAuthCombine-Community */; };
		B31FB9522B0A6673003AD619 /* FirebaseCrashlytics in Frameworks */ = {isa = PBXBuildFile; productRef = B31FB9512B0A6673003AD619 /* FirebaseCrashlytics */; };
		B31FB9542B0A6673003AD619 /* FirebaseDatabase in Frameworks */ = {isa = PBXBuildFile; productRef = B31FB9532B0A6673003AD619 /* FirebaseDatabase */; };
		B31FB9562B0A6673003AD619 /* FirebaseDatabaseSwift in Frameworks */ = {isa = PBXBuildFile; productRef = B31FB9552B0A6673003AD619 /* FirebaseDatabaseSwift */; };
		B31FB9582B0A6673003AD619 /* FirebaseDynamicLinks in Frameworks */ = {isa = PBXBuildFile; productRef = B31FB9572B0A6673003AD619 /* FirebaseDynamicLinks */; };
		B31FB95A2B0A6673003AD619 /* FirebaseFirestore in Frameworks */ = {isa = PBXBuildFile; productRef = B31FB9592B0A6673003AD619 /* FirebaseFirestore */; };
		B31FB95C2B0A6673003AD619 /* FirebaseFirestoreCombine-Community in Frameworks */ = {isa = PBXBuildFile; productRef = B31FB95B2B0A6673003AD619 /* FirebaseFirestoreCombine-Community */; };
		B31FB95E2B0A6673003AD619 /* FirebaseFirestoreSwift in Frameworks */ = {isa = PBXBuildFile; productRef = B31FB95D2B0A6673003AD619 /* FirebaseFirestoreSwift */; };
		B31FB9602B0A6673003AD619 /* FirebaseFunctions in Frameworks */ = {isa = PBXBuildFile; productRef = B31FB95F2B0A6673003AD619 /* FirebaseFunctions */; };
		B31FB9622B0A6673003AD619 /* FirebaseFunctionsCombine-Community in Frameworks */ = {isa = PBXBuildFile; productRef = B31FB9612B0A6673003AD619 /* FirebaseFunctionsCombine-Community */; };
		B31FB9642B0A6673003AD619 /* FirebaseInAppMessaging-Beta in Frameworks */ = {isa = PBXBuildFile; productRef = B31FB9632B0A6673003AD619 /* FirebaseInAppMessaging-Beta */; };
		B31FB9662B0A6673003AD619 /* FirebaseInAppMessagingSwift-Beta in Frameworks */ = {isa = PBXBuildFile; productRef = B31FB9652B0A6673003AD619 /* FirebaseInAppMessagingSwift-Beta */; };
		B31FB9682B0A6673003AD619 /* FirebaseInstallations in Frameworks */ = {isa = PBXBuildFile; productRef = B31FB9672B0A6673003AD619 /* FirebaseInstallations */; };
		B31FB96A2B0A6673003AD619 /* FirebaseMLModelDownloader in Frameworks */ = {isa = PBXBuildFile; productRef = B31FB9692B0A6673003AD619 /* FirebaseMLModelDownloader */; };
		B31FB96C2B0A6673003AD619 /* FirebaseMessaging in Frameworks */ = {isa = PBXBuildFile; productRef = B31FB96B2B0A6673003AD619 /* FirebaseMessaging */; };
		B31FB96E2B0A6673003AD619 /* FirebasePerformance in Frameworks */ = {isa = PBXBuildFile; productRef = B31FB96D2B0A6673003AD619 /* FirebasePerformance */; };
		B31FB9702B0A6673003AD619 /* FirebaseRemoteConfig in Frameworks */ = {isa = PBXBuildFile; productRef = B31FB96F2B0A6673003AD619 /* FirebaseRemoteConfig */; };
		B31FB9722B0A6673003AD619 /* FirebaseRemoteConfigSwift in Frameworks */ = {isa = PBXBuildFile; productRef = B31FB9712B0A6673003AD619 /* FirebaseRemoteConfigSwift */; };
		B31FB9742B0A6673003AD619 /* FirebaseStorage in Frameworks */ = {isa = PBXBuildFile; productRef = B31FB9732B0A6673003AD619 /* FirebaseStorage */; };
		B31FB9762B0A6673003AD619 /* FirebaseStorageCombine-Community in Frameworks */ = {isa = PBXBuildFile; productRef = B31FB9752B0A6673003AD619 /* FirebaseStorageCombine-Community */; };
		B3C0CF742B0B2F8500C1E9D4 /* LogInViewController.swift in Sources */ = {isa = PBXBuildFile; fileRef = B3C0CF732B0B2F8500C1E9D4 /* LogInViewController.swift */; };
/* End PBXBuildFile section */

/* Begin PBXFileReference section */
		B31FB91C2B08DEAB003AD619 /* UserDefaults.app */ = {isa = PBXFileReference; explicitFileType = wrapper.application; includeInIndex = 0; path = UserDefaults.app; sourceTree = BUILT_PRODUCTS_DIR; };
		B31FB91F2B08DEAB003AD619 /* AppDelegate.swift */ = {isa = PBXFileReference; lastKnownFileType = sourcecode.swift; path = AppDelegate.swift; sourceTree = "<group>"; };
		B31FB9212B08DEAB003AD619 /* SceneDelegate.swift */ = {isa = PBXFileReference; lastKnownFileType = sourcecode.swift; path = SceneDelegate.swift; sourceTree = "<group>"; };
		B31FB9232B08DEAB003AD619 /* ViewController.swift */ = {isa = PBXFileReference; lastKnownFileType = sourcecode.swift; path = ViewController.swift; sourceTree = "<group>"; };
		B31FB9262B08DEAB003AD619 /* Base */ = {isa = PBXFileReference; lastKnownFileType = file.storyboard; name = Base; path = Base.lproj/Main.storyboard; sourceTree = "<group>"; };
		B31FB9282B08DEAD003AD619 /* Assets.xcassets */ = {isa = PBXFileReference; lastKnownFileType = folder.assetcatalog; path = Assets.xcassets; sourceTree = "<group>"; };
		B31FB92B2B08DEAD003AD619 /* Base */ = {isa = PBXFileReference; lastKnownFileType = file.storyboard; name = Base; path = Base.lproj/LaunchScreen.storyboard; sourceTree = "<group>"; };
		B31FB92D2B08DEAD003AD619 /* Info.plist */ = {isa = PBXFileReference; lastKnownFileType = text.plist.xml; path = Info.plist; sourceTree = "<group>"; };
		B31FB93E2B0A656B003AD619 /* GoogleService-Info.plist */ = {isa = PBXFileReference; fileEncoding = 4; lastKnownFileType = text.plist.xml; path = "GoogleService-Info.plist"; sourceTree = "<group>"; };
		B3C0CF732B0B2F8500C1E9D4 /* LogInViewController.swift */ = {isa = PBXFileReference; lastKnownFileType = sourcecode.swift; path = LogInViewController.swift; sourceTree = "<group>"; };
/* End PBXFileReference section */

/* Begin PBXFrameworksBuildPhase section */
		B31FB9192B08DEAB003AD619 /* Frameworks */ = {
			isa = PBXFrameworksBuildPhase;
			buildActionMask = 2147483647;
			files = (
				B31FB9542B0A6673003AD619 /* FirebaseDatabase in Frameworks */,
				B31FB9622B0A6673003AD619 /* FirebaseFunctionsCombine-Community in Frameworks */,
				B31FB95A2B0A6673003AD619 /* FirebaseFirestore in Frameworks */,
				B31FB9462B0A6673003AD619 /* FirebaseAnalyticsSwift in Frameworks */,
				B31FB9422B0A6673003AD619 /* FirebaseAnalytics in Frameworks */,
				B31FB9442B0A6673003AD619 /* FirebaseAnalyticsOnDeviceConversion in Frameworks */,
				B31FB96A2B0A6673003AD619 /* FirebaseMLModelDownloader in Frameworks */,
				B31FB95E2B0A6673003AD619 /* FirebaseFirestoreSwift in Frameworks */,
				B31FB94A2B0A6673003AD619 /* FirebaseAppCheck in Frameworks */,
				B31FB9482B0A6673003AD619 /* FirebaseAnalyticsWithoutAdIdSupport in Frameworks */,
				B31FB94E2B0A6673003AD619 /* FirebaseAuth in Frameworks */,
				B31FB9522B0A6673003AD619 /* FirebaseCrashlytics in Frameworks */,
				B31FB9722B0A6673003AD619 /* FirebaseRemoteConfigSwift in Frameworks */,
				B31FB9642B0A6673003AD619 /* FirebaseInAppMessaging-Beta in Frameworks */,
				B31FB9562B0A6673003AD619 /* FirebaseDatabaseSwift in Frameworks */,
				B31FB9602B0A6673003AD619 /* FirebaseFunctions in Frameworks */,
				B31FB9762B0A6673003AD619 /* FirebaseStorageCombine-Community in Frameworks */,
				B31FB9702B0A6673003AD619 /* FirebaseRemoteConfig in Frameworks */,
				B31FB94C2B0A6673003AD619 /* FirebaseAppDistribution-Beta in Frameworks */,
				B31FB9502B0A6673003AD619 /* FirebaseAuthCombine-Community in Frameworks */,
				B31FB96E2B0A6673003AD619 /* FirebasePerformance in Frameworks */,
				B31FB9662B0A6673003AD619 /* FirebaseInAppMessagingSwift-Beta in Frameworks */,
				B31FB9742B0A6673003AD619 /* FirebaseStorage in Frameworks */,
				B31FB9582B0A6673003AD619 /* FirebaseDynamicLinks in Frameworks */,
				B31FB95C2B0A6673003AD619 /* FirebaseFirestoreCombine-Community in Frameworks */,
				B31FB96C2B0A6673003AD619 /* FirebaseMessaging in Frameworks */,
				B31FB9682B0A6673003AD619 /* FirebaseInstallations in Frameworks */,
			);
			runOnlyForDeploymentPostprocessing = 0;
		};
/* End PBXFrameworksBuildPhase section */

/* Begin PBXGroup section */
		B31FB9132B08DEAB003AD619 = {
			isa = PBXGroup;
			children = (
				B31FB91E2B08DEAB003AD619 /* UserDefaults */,
				B31FB91D2B08DEAB003AD619 /* Products */,
			);
			sourceTree = "<group>";
		};
		B31FB91D2B08DEAB003AD619 /* Products */ = {
			isa = PBXGroup;
			children = (
				B31FB91C2B08DEAB003AD619 /* UserDefaults.app */,
			);
			name = Products;
			sourceTree = "<group>";
		};
		B31FB91E2B08DEAB003AD619 /* UserDefaults */ = {
			isa = PBXGroup;
			children = (
				B31FB91F2B08DEAB003AD619 /* AppDelegate.swift */,
				B31FB9212B08DEAB003AD619 /* SceneDelegate.swift */,
				B31FB9232B08DEAB003AD619 /* ViewController.swift */,
				B3C0CF732B0B2F8500C1E9D4 /* LogInViewController.swift */,
				B31FB9252B08DEAB003AD619 /* Main.storyboard */,
				B31FB9282B08DEAD003AD619 /* Assets.xcassets */,
				B31FB92A2B08DEAD003AD619 /* LaunchScreen.storyboard */,
				B31FB92D2B08DEAD003AD619 /* Info.plist */,
				B31FB93E2B0A656B003AD619 /* GoogleService-Info.plist */,
			);
			path = UserDefaults;
			sourceTree = "<group>";
		};
/* End PBXGroup section */

/* Begin PBXNativeTarget section */
		B31FB91B2B08DEAB003AD619 /* UserDefaults */ = {
			isa = PBXNativeTarget;
			buildConfigurationList = B31FB9302B08DEAD003AD619 /* Build configuration list for PBXNativeTarget "UserDefaults" */;
			buildPhases = (
				B31FB9182B08DEAB003AD619 /* Sources */,
				B31FB9192B08DEAB003AD619 /* Frameworks */,
				B31FB91A2B08DEAB003AD619 /* Resources */,
			);
			buildRules = (
			);
			dependencies = (
			);
			name = UserDefaults;
			packageProductDependencies = (
				B31FB9412B0A6673003AD619 /* FirebaseAnalytics */,
				B31FB9432B0A6673003AD619 /* FirebaseAnalyticsOnDeviceConversion */,
				B31FB9452B0A6673003AD619 /* FirebaseAnalyticsSwift */,
				B31FB9472B0A6673003AD619 /* FirebaseAnalyticsWithoutAdIdSupport */,
				B31FB9492B0A6673003AD619 /* FirebaseAppCheck */,
				B31FB94B2B0A6673003AD619 /* FirebaseAppDistribution-Beta */,
				B31FB94D2B0A6673003AD619 /* FirebaseAuth */,
				B31FB94F2B0A6673003AD619 /* FirebaseAuthCombine-Community */,
				B31FB9512B0A6673003AD619 /* FirebaseCrashlytics */,
				B31FB9532B0A6673003AD619 /* FirebaseDatabase */,
				B31FB9552B0A6673003AD619 /* FirebaseDatabaseSwift */,
				B31FB9572B0A6673003AD619 /* FirebaseDynamicLinks */,
				B31FB9592B0A6673003AD619 /* FirebaseFirestore */,
				B31FB95B2B0A6673003AD619 /* FirebaseFirestoreCombine-Community */,
				B31FB95D2B0A6673003AD619 /* FirebaseFirestoreSwift */,
				B31FB95F2B0A6673003AD619 /* FirebaseFunctions */,
				B31FB9612B0A6673003AD619 /* FirebaseFunctionsCombine-Community */,
				B31FB9632B0A6673003AD619 /* FirebaseInAppMessaging-Beta */,
				B31FB9652B0A6673003AD619 /* FirebaseInAppMessagingSwift-Beta */,
				B31FB9672B0A6673003AD619 /* FirebaseInstallations */,
				B31FB9692B0A6673003AD619 /* FirebaseMLModelDownloader */,
				B31FB96B2B0A6673003AD619 /* FirebaseMessaging */,
				B31FB96D2B0A6673003AD619 /* FirebasePerformance */,
				B31FB96F2B0A6673003AD619 /* FirebaseRemoteConfig */,
				B31FB9712B0A6673003AD619 /* FirebaseRemoteConfigSwift */,
				B31FB9732B0A6673003AD619 /* FirebaseStorage */,
				B31FB9752B0A6673003AD619 /* FirebaseStorageCombine-Community */,
			);
			productName = UserDefaults;
			productReference = B31FB91C2B08DEAB003AD619 /* UserDefaults.app */;
			productType = "com.apple.product-type.application";
		};
/* End PBXNativeTarget section */

/* Begin PBXProject section */
		B31FB9142B08DEAB003AD619 /* Project object */ = {
			isa = PBXProject;
			attributes = {
				BuildIndependentTargetsInParallel = 1;
				LastSwiftUpdateCheck = 1500;
				LastUpgradeCheck = 1500;
				TargetAttributes = {
					B31FB91B2B08DEAB003AD619 = {
						CreatedOnToolsVersion = 15.0.1;
					};
				};
			};
			buildConfigurationList = B31FB9172B08DEAB003AD619 /* Build configuration list for PBXProject "UserDefaults" */;
			compatibilityVersion = "Xcode 14.0";
			developmentRegion = en;
			hasScannedForEncodings = 0;
			knownRegions = (
				en,
				Base,
			);
			mainGroup = B31FB9132B08DEAB003AD619;
			packageReferences = (
				B31FB9402B0A6673003AD619 /* XCRemoteSwiftPackageReference "firebase-ios-sdk" */,
			);
			productRefGroup = B31FB91D2B08DEAB003AD619 /* Products */;
			projectDirPath = "";
			projectRoot = "";
			targets = (
				B31FB91B2B08DEAB003AD619 /* UserDefaults */,
			);
		};
/* End PBXProject section */

/* Begin PBXResourcesBuildPhase section */
		B31FB91A2B08DEAB003AD619 /* Resources */ = {
			isa = PBXResourcesBuildPhase;
			buildActionMask = 2147483647;
			files = (
				B31FB92C2B08DEAD003AD619 /* LaunchScreen.storyboard in Resources */,
				B31FB93F2B0A656B003AD619 /* GoogleService-Info.plist in Resources */,
				B31FB9292B08DEAD003AD619 /* Assets.xcassets in Resources */,
				B31FB9272B08DEAB003AD619 /* Main.storyboard in Resources */,
			);
			runOnlyForDeploymentPostprocessing = 0;
		};
/* End PBXResourcesBuildPhase section */

/* Begin PBXSourcesBuildPhase section */
		B31FB9182B08DEAB003AD619 /* Sources */ = {
			isa = PBXSourcesBuildPhase;
			buildActionMask = 2147483647;
			files = (
				B3C0CF742B0B2F8500C1E9D4 /* LogInViewController.swift in Sources */,
				B31FB9242B08DEAB003AD619 /* ViewController.swift in Sources */,
				B31FB9202B08DEAB003AD619 /* AppDelegate.swift in Sources */,
				B31FB9222B08DEAB003AD619 /* SceneDelegate.swift in Sources */,
			);
			runOnlyForDeploymentPostprocessing = 0;
		};
/* End PBXSourcesBuildPhase section */

/* Begin PBXVariantGroup section */
		B31FB9252B08DEAB003AD619 /* Main.storyboard */ = {
			isa = PBXVariantGroup;
			children = (
				B31FB9262B08DEAB003AD619 /* Base */,
			);
			name = Main.storyboard;
			sourceTree = "<group>";
		};
		B31FB92A2B08DEAD003AD619 /* LaunchScreen.storyboard */ = {
			isa = PBXVariantGroup;
			children = (
				B31FB92B2B08DEAD003AD619 /* Base */,
			);
			name = LaunchScreen.storyboard;
			sourceTree = "<group>";
		};
/* End PBXVariantGroup section */

/* Begin XCBuildConfiguration section */
		B31FB92E2B08DEAD003AD619 /* Debug */ = {
			isa = XCBuildConfiguration;
			buildSettings = {
				ALWAYS_SEARCH_USER_PATHS = NO;
				ASSETCATALOG_COMPILER_GENERATE_SWIFT_ASSET_SYMBOL_EXTENSIONS = YES;
				CLANG_ANALYZER_NONNULL = YES;
				CLANG_ANALYZER_NUMBER_OBJECT_CONVERSION = YES_AGGRESSIVE;
				CLANG_CXX_LANGUAGE_STANDARD = "gnu++20";
				CLANG_ENABLE_MODULES = YES;
				CLANG_ENABLE_OBJC_ARC = YES;
				CLANG_ENABLE_OBJC_WEAK = YES;
				CLANG_WARN_BLOCK_CAPTURE_AUTORELEASING = YES;
				CLANG_WARN_BOOL_CONVERSION = YES;
				CLANG_WARN_COMMA = YES;
				CLANG_WARN_CONSTANT_CONVERSION = YES;
				CLANG_WARN_DEPRECATED_OBJC_IMPLEMENTATIONS = YES;
				CLANG_WARN_DIRECT_OBJC_ISA_USAGE = YES_ERROR;
				CLANG_WARN_DOCUMENTATION_COMMENTS = YES;
				CLANG_WARN_EMPTY_BODY = YES;
				CLANG_WARN_ENUM_CONVERSION = YES;
				CLANG_WARN_INFINITE_RECURSION = YES;
				CLANG_WARN_INT_CONVERSION = YES;
				CLANG_WARN_NON_LITERAL_NULL_CONVERSION = YES;
				CLANG_WARN_OBJC_IMPLICIT_RETAIN_SELF = YES;
				CLANG_WARN_OBJC_LITERAL_CONVERSION = YES;
				CLANG_WARN_OBJC_ROOT_CLASS = YES_ERROR;
				CLANG_WARN_QUOTED_INCLUDE_IN_FRAMEWORK_HEADER = YES;
				CLANG_WARN_RANGE_LOOP_ANALYSIS = YES;
				CLANG_WARN_STRICT_PROTOTYPES = YES;
				CLANG_WARN_SUSPICIOUS_MOVE = YES;
				CLANG_WARN_UNGUARDED_AVAILABILITY = YES_AGGRESSIVE;
				CLANG_WARN_UNREACHABLE_CODE = YES;
				CLANG_WARN__DUPLICATE_METHOD_MATCH = YES;
				COPY_PHASE_STRIP = NO;
				DEBUG_INFORMATION_FORMAT = dwarf;
				ENABLE_STRICT_OBJC_MSGSEND = YES;
				ENABLE_TESTABILITY = YES;
				ENABLE_USER_SCRIPT_SANDBOXING = YES;
				GCC_C_LANGUAGE_STANDARD = gnu17;
				GCC_DYNAMIC_NO_PIC = NO;
				GCC_NO_COMMON_BLOCKS = YES;
				GCC_OPTIMIZATION_LEVEL = 0;
				GCC_PREPROCESSOR_DEFINITIONS = (
					"DEBUG=1",
					"$(inherited)",
				);
				GCC_WARN_64_TO_32_BIT_CONVERSION = YES;
				GCC_WARN_ABOUT_RETURN_TYPE = YES_ERROR;
				GCC_WARN_UNDECLARED_SELECTOR = YES;
				GCC_WARN_UNINITIALIZED_AUTOS = YES_AGGRESSIVE;
				GCC_WARN_UNUSED_FUNCTION = YES;
				GCC_WARN_UNUSED_VARIABLE = YES;
				IPHONEOS_DEPLOYMENT_TARGET = 17.0;
				LOCALIZATION_PREFERS_STRING_CATALOGS = YES;
				MTL_ENABLE_DEBUG_INFO = INCLUDE_SOURCE;
				MTL_FAST_MATH = YES;
				ONLY_ACTIVE_ARCH = YES;
				SDKROOT = iphoneos;
				SWIFT_ACTIVE_COMPILATION_CONDITIONS = "DEBUG $(inherited)";
				SWIFT_OPTIMIZATION_LEVEL = "-Onone";
			};
			name = Debug;
		};
		B31FB92F2B08DEAD003AD619 /* Release */ = {
			isa = XCBuildConfiguration;
			buildSettings = {
				ALWAYS_SEARCH_USER_PATHS = NO;
				ASSETCATALOG_COMPILER_GENERATE_SWIFT_ASSET_SYMBOL_EXTENSIONS = YES;
				CLANG_ANALYZER_NONNULL = YES;
				CLANG_ANALYZER_NUMBER_OBJECT_CONVERSION = YES_AGGRESSIVE;
				CLANG_CXX_LANGUAGE_STANDARD = "gnu++20";
				CLANG_ENABLE_MODULES = YES;
				CLANG_ENABLE_OBJC_ARC = YES;
				CLANG_ENABLE_OBJC_WEAK = YES;
				CLANG_WARN_BLOCK_CAPTURE_AUTORELEASING = YES;
				CLANG_WARN_BOOL_CONVERSION = YES;
				CLANG_WARN_COMMA = YES;
				CLANG_WARN_CONSTANT_CONVERSION = YES;
				CLANG_WARN_DEPRECATED_OBJC_IMPLEMENTATIONS = YES;
				CLANG_WARN_DIRECT_OBJC_ISA_USAGE = YES_ERROR;
				CLANG_WARN_DOCUMENTATION_COMMENTS = YES;
				CLANG_WARN_EMPTY_BODY = YES;
				CLANG_WARN_ENUM_CONVERSION = YES;
				CLANG_WARN_INFINITE_RECURSION = YES;
				CLANG_WARN_INT_CONVERSION = YES;
				CLANG_WARN_NON_LITERAL_NULL_CONVERSION = YES;
				CLANG_WARN_OBJC_IMPLICIT_RETAIN_SELF = YES;
				CLANG_WARN_OBJC_LITERAL_CONVERSION = YES;
				CLANG_WARN_OBJC_ROOT_CLASS = YES_ERROR;
				CLANG_WARN_QUOTED_INCLUDE_IN_FRAMEWORK_HEADER = YES;
				CLANG_WARN_RANGE_LOOP_ANALYSIS = YES;
				CLANG_WARN_STRICT_PROTOTYPES = YES;
				CLANG_WARN_SUSPICIOUS_MOVE = YES;
				CLANG_WARN_UNGUARDED_AVAILABILITY = YES_AGGRESSIVE;
				CLANG_WARN_UNREACHABLE_CODE = YES;
				CLANG_WARN__DUPLICATE_METHOD_MATCH = YES;
				COPY_PHASE_STRIP = NO;
				DEBUG_INFORMATION_FORMAT = "dwarf-with-dsym";
				ENABLE_NS_ASSERTIONS = NO;
				ENABLE_STRICT_OBJC_MSGSEND = YES;
				ENABLE_USER_SCRIPT_SANDBOXING = YES;
				GCC_C_LANGUAGE_STANDARD = gnu17;
				GCC_NO_COMMON_BLOCKS = YES;
				GCC_WARN_64_TO_32_BIT_CONVERSION = YES;
				GCC_WARN_ABOUT_RETURN_TYPE = YES_ERROR;
				GCC_WARN_UNDECLARED_SELECTOR = YES;
				GCC_WARN_UNINITIALIZED_AUTOS = YES_AGGRESSIVE;
				GCC_WARN_UNUSED_FUNCTION = YES;
				GCC_WARN_UNUSED_VARIABLE = YES;
				IPHONEOS_DEPLOYMENT_TARGET = 17.0;
				LOCALIZATION_PREFERS_STRING_CATALOGS = YES;
				MTL_ENABLE_DEBUG_INFO = NO;
				MTL_FAST_MATH = YES;
				SDKROOT = iphoneos;
				SWIFT_COMPILATION_MODE = wholemodule;
				VALIDATE_PRODUCT = YES;
			};
			name = Release;
		};
		B31FB9312B08DEAD003AD619 /* Debug */ = {
			isa = XCBuildConfiguration;
			buildSettings = {
				ASSETCATALOG_COMPILER_APPICON_NAME = AppIcon;
				ASSETCATALOG_COMPILER_GLOBAL_ACCENT_COLOR_NAME = AccentColor;
				CODE_SIGN_STYLE = Automatic;
				CURRENT_PROJECT_VERSION = 1;
				DEVELOPMENT_TEAM = 85KHKQ87T4;
				GENERATE_INFOPLIST_FILE = YES;
				INFOPLIST_FILE = UserDefaults/Info.plist;
				INFOPLIST_KEY_UIApplicationSupportsIndirectInputEvents = YES;
				INFOPLIST_KEY_UILaunchStoryboardName = LaunchScreen;
				INFOPLIST_KEY_UIMainStoryboardFile = Main;
				INFOPLIST_KEY_UISupportedInterfaceOrientations_iPad = "UIInterfaceOrientationPortrait UIInterfaceOrientationPortraitUpsideDown UIInterfaceOrientationLandscapeLeft UIInterfaceOrientationLandscapeRight";
				INFOPLIST_KEY_UISupportedInterfaceOrientations_iPhone = "UIInterfaceOrientationPortrait UIInterfaceOrientationLandscapeLeft UIInterfaceOrientationLandscapeRight";
				LD_RUNPATH_SEARCH_PATHS = (
					"$(inherited)",
					"@executable_path/Frameworks",
				);
				MARKETING_VERSION = 1.0;
				PRODUCT_BUNDLE_IDENTIFIER = SK.UserDefaults;
				PRODUCT_NAME = "$(TARGET_NAME)";
				SWIFT_EMIT_LOC_STRINGS = YES;
				SWIFT_VERSION = 5.0;
				TARGETED_DEVICE_FAMILY = "1,2";
			};
			name = Debug;
		};
		B31FB9322B08DEAD003AD619 /* Release */ = {
			isa = XCBuildConfiguration;
			buildSettings = {
				ASSETCATALOG_COMPILER_APPICON_NAME = AppIcon;
				ASSETCATALOG_COMPILER_GLOBAL_ACCENT_COLOR_NAME = AccentColor;
				CODE_SIGN_STYLE = Automatic;
				CURRENT_PROJECT_VERSION = 1;
				DEVELOPMENT_TEAM = 85KHKQ87T4;
				GENERATE_INFOPLIST_FILE = YES;
				INFOPLIST_FILE = UserDefaults/Info.plist;
				INFOPLIST_KEY_UIApplicationSupportsIndirectInputEvents = YES;
				INFOPLIST_KEY_UILaunchStoryboardName = LaunchScreen;
				INFOPLIST_KEY_UIMainStoryboardFile = Main;
				INFOPLIST_KEY_UISupportedInterfaceOrientations_iPad = "UIInterfaceOrientationPortrait UIInterfaceOrientationPortraitUpsideDown UIInterfaceOrientationLandscapeLeft UIInterfaceOrientationLandscapeRight";
				INFOPLIST_KEY_UISupportedInterfaceOrientations_iPhone = "UIInterfaceOrientationPortrait UIInterfaceOrientationLandscapeLeft UIInterfaceOrientationLandscapeRight";
				LD_RUNPATH_SEARCH_PATHS = (
					"$(inherited)",
					"@executable_path/Frameworks",
				);
				MARKETING_VERSION = 1.0;
				PRODUCT_BUNDLE_IDENTIFIER = SK.UserDefaults;
				PRODUCT_NAME = "$(TARGET_NAME)";
				SWIFT_EMIT_LOC_STRINGS = YES;
				SWIFT_VERSION = 5.0;
				TARGETED_DEVICE_FAMILY = "1,2";
			};
			name = Release;
		};
/* End XCBuildConfiguration section */

/* Begin XCConfigurationList section */
		B31FB9172B08DEAB003AD619 /* Build configuration list for PBXProject "UserDefaults" */ = {
			isa = XCConfigurationList;
			buildConfigurations = (
				B31FB92E2B08DEAD003AD619 /* Debug */,
				B31FB92F2B08DEAD003AD619 /* Release */,
			);
			defaultConfigurationIsVisible = 0;
			defaultConfigurationName = Release;
		};
		B31FB9302B08DEAD003AD619 /* Build configuration list for PBXNativeTarget "UserDefaults" */ = {
			isa = XCConfigurationList;
			buildConfigurations = (
				B31FB9312B08DEAD003AD619 /* Debug */,
				B31FB9322B08DEAD003AD619 /* Release */,
			);
			defaultConfigurationIsVisible = 0;
			defaultConfigurationName = Release;
		};
/* End XCConfigurationList section */

/* Begin XCRemoteSwiftPackageReference section */
		B31FB9402B0A6673003AD619 /* XCRemoteSwiftPackageReference "firebase-ios-sdk" */ = {
			isa = XCRemoteSwiftPackageReference;
			repositoryURL = "https://github.com/firebase/firebase-ios-sdk";
			requirement = {
				kind = upToNextMajorVersion;
				minimumVersion = 10.18.0;
			};
		};
/* End XCRemoteSwiftPackageReference section */

/* Begin XCSwiftPackageProductDependency section */
		B31FB9412B0A6673003AD619 /* FirebaseAnalytics */ = {
			isa = XCSwiftPackageProductDependency;
			package = B31FB9402B0A6673003AD619 /* XCRemoteSwiftPackageReference "firebase-ios-sdk" */;
			productName = FirebaseAnalytics;
		};
		B31FB9432B0A6673003AD619 /* FirebaseAnalyticsOnDeviceConversion */ = {
			isa = XCSwiftPackageProductDependency;
			package = B31FB9402B0A6673003AD619 /* XCRemoteSwiftPackageReference "firebase-ios-sdk" */;
			productName = FirebaseAnalyticsOnDeviceConversion;
		};
		B31FB9452B0A6673003AD619 /* FirebaseAnalyticsSwift */ = {
			isa = XCSwiftPackageProductDependency;
			package = B31FB9402B0A6673003AD619 /* XCRemoteSwiftPackageReference "firebase-ios-sdk" */;
			productName = FirebaseAnalyticsSwift;
		};
		B31FB9472B0A6673003AD619 /* FirebaseAnalyticsWithoutAdIdSupport */ = {
			isa = XCSwiftPackageProductDependency;
			package = B31FB9402B0A6673003AD619 /* XCRemoteSwiftPackageReference "firebase-ios-sdk" */;
			productName = FirebaseAnalyticsWithoutAdIdSupport;
		};
		B31FB9492B0A6673003AD619 /* FirebaseAppCheck */ = {
			isa = XCSwiftPackageProductDependency;
			package = B31FB9402B0A6673003AD619 /* XCRemoteSwiftPackageReference "firebase-ios-sdk" */;
			productName = FirebaseAppCheck;
		};
		B31FB94B2B0A6673003AD619 /* FirebaseAppDistribution-Beta */ = {
			isa = XCSwiftPackageProductDependency;
			package = B31FB9402B0A6673003AD619 /* XCRemoteSwiftPackageReference "firebase-ios-sdk" */;
			productName = "FirebaseAppDistribution-Beta";
		};
		B31FB94D2B0A6673003AD619 /* FirebaseAuth */ = {
			isa = XCSwiftPackageProductDependency;
			package = B31FB9402B0A6673003AD619 /* XCRemoteSwiftPackageReference "firebase-ios-sdk" */;
			productName = FirebaseAuth;
		};
		B31FB94F2B0A6673003AD619 /* FirebaseAuthCombine-Community */ = {
			isa = XCSwiftPackageProductDependency;
			package = B31FB9402B0A6673003AD619 /* XCRemoteSwiftPackageReference "firebase-ios-sdk" */;
			productName = "FirebaseAuthCombine-Community";
		};
		B31FB9512B0A6673003AD619 /* FirebaseCrashlytics */ = {
			isa = XCSwiftPackageProductDependency;
			package = B31FB9402B0A6673003AD619 /* XCRemoteSwiftPackageReference "firebase-ios-sdk" */;
			productName = FirebaseCrashlytics;
		};
		B31FB9532B0A6673003AD619 /* FirebaseDatabase */ = {
			isa = XCSwiftPackageProductDependency;
			package = B31FB9402B0A6673003AD619 /* XCRemoteSwiftPackageReference "firebase-ios-sdk" */;
			productName = FirebaseDatabase;
		};
		B31FB9552B0A6673003AD619 /* FirebaseDatabaseSwift */ = {
			isa = XCSwiftPackageProductDependency;
			package = B31FB9402B0A6673003AD619 /* XCRemoteSwiftPackageReference "firebase-ios-sdk" */;
			productName = FirebaseDatabaseSwift;
		};
		B31FB9572B0A6673003AD619 /* FirebaseDynamicLinks */ = {
			isa = XCSwiftPackageProductDependency;
			package = B31FB9402B0A6673003AD619 /* XCRemoteSwiftPackageReference "firebase-ios-sdk" */;
			productName = FirebaseDynamicLinks;
		};
		B31FB9592B0A6673003AD619 /* FirebaseFirestore */ = {
			isa = XCSwiftPackageProductDependency;
			package = B31FB9402B0A6673003AD619 /* XCRemoteSwiftPackageReference "firebase-ios-sdk" */;
			productName = FirebaseFirestore;
		};
		B31FB95B2B0A6673003AD619 /* FirebaseFirestoreCombine-Community */ = {
			isa = XCSwiftPackageProductDependency;
			package = B31FB9402B0A6673003AD619 /* XCRemoteSwiftPackageReference "firebase-ios-sdk" */;
			productName = "FirebaseFirestoreCombine-Community";
		};
		B31FB95D2B0A6673003AD619 /* FirebaseFirestoreSwift */ = {
			isa = XCSwiftPackageProductDependency;
			package = B31FB9402B0A6673003AD619 /* XCRemoteSwiftPackageReference "firebase-ios-sdk" */;
			productName = FirebaseFirestoreSwift;
		};
		B31FB95F2B0A6673003AD619 /* FirebaseFunctions */ = {
			isa = XCSwiftPackageProductDependency;
			package = B31FB9402B0A6673003AD619 /* XCRemoteSwiftPackageReference "firebase-ios-sdk" */;
			productName = FirebaseFunctions;
		};
		B31FB9612B0A6673003AD619 /* FirebaseFunctionsCombine-Community */ = {
			isa = XCSwiftPackageProductDependency;
			package = B31FB9402B0A6673003AD619 /* XCRemoteSwiftPackageReference "firebase-ios-sdk" */;
			productName = "FirebaseFunctionsCombine-Community";
		};
		B31FB9632B0A6673003AD619 /* FirebaseInAppMessaging-Beta */ = {
			isa = XCSwiftPackageProductDependency;
			package = B31FB9402B0A6673003AD619 /* XCRemoteSwiftPackageReference "firebase-ios-sdk" */;
			productName = "FirebaseInAppMessaging-Beta";
		};
		B31FB9652B0A6673003AD619 /* FirebaseInAppMessagingSwift-Beta */ = {
			isa = XCSwiftPackageProductDependency;
			package = B31FB9402B0A6673003AD619 /* XCRemoteSwiftPackageReference "firebase-ios-sdk" */;
			productName = "FirebaseInAppMessagingSwift-Beta";
		};
		B31FB9672B0A6673003AD619 /* FirebaseInstallations */ = {
			isa = XCSwiftPackageProductDependency;
			package = B31FB9402B0A6673003AD619 /* XCRemoteSwiftPackageReference "firebase-ios-sdk" */;
			productName = FirebaseInstallations;
		};
		B31FB9692B0A6673003AD619 /* FirebaseMLModelDownloader */ = {
			isa = XCSwiftPackageProductDependency;
			package = B31FB9402B0A6673003AD619 /* XCRemoteSwiftPackageReference "firebase-ios-sdk" */;
			productName = FirebaseMLModelDownloader;
		};
		B31FB96B2B0A6673003AD619 /* FirebaseMessaging */ = {
			isa = XCSwiftPackageProductDependency;
			package = B31FB9402B0A6673003AD619 /* XCRemoteSwiftPackageReference "firebase-ios-sdk" */;
			productName = FirebaseMessaging;
		};
		B31FB96D2B0A6673003AD619 /* FirebasePerformance */ = {
			isa = XCSwiftPackageProductDependency;
			package = B31FB9402B0A6673003AD619 /* XCRemoteSwiftPackageReference "firebase-ios-sdk" */;
			productName = FirebasePerformance;
		};
		B31FB96F2B0A6673003AD619 /* FirebaseRemoteConfig */ = {
			isa = XCSwiftPackageProductDependency;
			package = B31FB9402B0A6673003AD619 /* XCRemoteSwiftPackageReference "firebase-ios-sdk" */;
			productName = FirebaseRemoteConfig;
		};
		B31FB9712B0A6673003AD619 /* FirebaseRemoteConfigSwift */ = {
			isa = XCSwiftPackageProductDependency;
			package = B31FB9402B0A6673003AD619 /* XCRemoteSwiftPackageReference "firebase-ios-sdk" */;
			productName = FirebaseRemoteConfigSwift;
		};
		B31FB9732B0A6673003AD619 /* FirebaseStorage */ = {
			isa = XCSwiftPackageProductDependency;
			package = B31FB9402B0A6673003AD619 /* XCRemoteSwiftPackageReference "firebase-ios-sdk" */;
			productName = FirebaseStorage;
		};
		B31FB9752B0A6673003AD619 /* FirebaseStorageCombine-Community */ = {
			isa = XCSwiftPackageProductDependency;
			package = B31FB9402B0A6673003AD619 /* XCRemoteSwiftPackageReference "firebase-ios-sdk" */;
			productName = "FirebaseStorageCombine-Community";
		};
/* End XCSwiftPackageProductDependency section */
	};
	rootObject = B31FB9142B08DEAB003AD619 /* Project object */;
}
