// !$*UTF8*$!
{
	archiveVersion = 1;
	classes = {
	};
	objectVersion = 56;
	objects = {

/* Begin PBXBuildFile section */
		26AA323753A84606F478D585 /* Pods_CatStaGram.framework in Frameworks */ = {isa = PBXBuildFile; fileRef = E6C01F36A0E35507D142114D /* Pods_CatStaGram.framework */; };
		B31FB9362B0A30EF003AD619 /* ProfileCollectionViewCell.swift in Sources */ = {isa = PBXBuildFile; fileRef = B31FB9342B0A30EF003AD619 /* ProfileCollectionViewCell.swift */; };
		B31FB9372B0A30EF003AD619 /* ProfileCollectionViewCell.xib in Resources */ = {isa = PBXBuildFile; fileRef = B31FB9352B0A30EF003AD619 /* ProfileCollectionViewCell.xib */; };
		B31FB93C2B0A44FD003AD619 /* PostCollectionViewCell.swift in Sources */ = {isa = PBXBuildFile; fileRef = B31FB93A2B0A44FD003AD619 /* PostCollectionViewCell.swift */; };
		B31FB93D2B0A44FD003AD619 /* PostCollectionViewCell.xib in Resources */ = {isa = PBXBuildFile; fileRef = B31FB93B2B0A44FD003AD619 /* PostCollectionViewCell.xib */; };
		B37982822AB9C5530090FDE5 /* AppDelegate.swift in Sources */ = {isa = PBXBuildFile; fileRef = B37982812AB9C5530090FDE5 /* AppDelegate.swift */; };
		B37982842AB9C5530090FDE5 /* SceneDelegate.swift in Sources */ = {isa = PBXBuildFile; fileRef = B37982832AB9C5530090FDE5 /* SceneDelegate.swift */; };
		B379828B2AB9C5540090FDE5 /* Assets.xcassets in Resources */ = {isa = PBXBuildFile; fileRef = B379828A2AB9C5540090FDE5 /* Assets.xcassets */; };
		B379828E2AB9C5540090FDE5 /* LaunchScreen.storyboard in Resources */ = {isa = PBXBuildFile; fileRef = B379828C2AB9C5540090FDE5 /* LaunchScreen.storyboard */; };
		B37982962AB9D47F0090FDE5 /* Main.storyboard in Resources */ = {isa = PBXBuildFile; fileRef = B37982952AB9D47F0090FDE5 /* Main.storyboard */; };
		B37982982AB9D9F30090FDE5 /* LoginViewController.swift in Sources */ = {isa = PBXBuildFile; fileRef = B37982972AB9D9F30090FDE5 /* LoginViewController.swift */; };
		B379829A2AB9E1BC0090FDE5 /* RegisterViewController.swift in Sources */ = {isa = PBXBuildFile; fileRef = B37982992AB9E1BC0090FDE5 /* RegisterViewController.swift */; };
		B39582232AF89CFC00432FFE /* StoryTableViewCell.swift in Sources */ = {isa = PBXBuildFile; fileRef = B39582212AF89CFC00432FFE /* StoryTableViewCell.swift */; };
		B39582242AF89CFC00432FFE /* StoryTableViewCell.xib in Resources */ = {isa = PBXBuildFile; fileRef = B39582222AF89CFC00432FFE /* StoryTableViewCell.xib */; };
		B39582272AF8DD3F00432FFE /* StoryCollectionViewCell.swift in Sources */ = {isa = PBXBuildFile; fileRef = B39582252AF8DD3E00432FFE /* StoryCollectionViewCell.swift */; };
		B39582282AF8DD3F00432FFE /* StoryCollectionViewCell.xib in Resources */ = {isa = PBXBuildFile; fileRef = B39582262AF8DD3E00432FFE /* StoryCollectionViewCell.xib */; };
		B3CC38F52B0228D3006D80CF /* ProfileViewController.swift in Sources */ = {isa = PBXBuildFile; fileRef = B3CC38F42B0228D3006D80CF /* ProfileViewController.swift */; };
		B3F2DFEC2ADBAB7C000D7E3D /* HomeViewController.swift in Sources */ = {isa = PBXBuildFile; fileRef = B3F2DFEB2ADBAB7C000D7E3D /* HomeViewController.swift */; };
		B3F2DFF02ADBAE21000D7E3D /* FeedTableViewCell.swift in Sources */ = {isa = PBXBuildFile; fileRef = B3F2DFEE2ADBAE21000D7E3D /* FeedTableViewCell.swift */; };
		B3F2DFF12ADBAE21000D7E3D /* FeedTableViewCell.xib in Resources */ = {isa = PBXBuildFile; fileRef = B3F2DFEF2ADBAE21000D7E3D /* FeedTableViewCell.xib */; };
		B3F51FB32AC150B000A975CD /* UIView+Extension.swift in Sources */ = {isa = PBXBuildFile; fileRef = B3F51FB22AC150AF00A975CD /* UIView+Extension.swift */; };
		B3F51FB52AC1517800A975CD /* UIViewController+Extension.swift in Sources */ = {isa = PBXBuildFile; fileRef = B3F51FB42AC1517800A975CD /* UIViewController+Extension.swift */; };
		B3F51FB72AC15D8400A975CD /* UserInfo.swift in Sources */ = {isa = PBXBuildFile; fileRef = B3F51FB62AC15D8400A975CD /* UserInfo.swift */; };
/* End PBXBuildFile section */

/* Begin PBXFileReference section */
		1C8A7A7B4A75FFF6DC45D5DB /* Pods-CatStaGram.debug.xcconfig */ = {isa = PBXFileReference; includeInIndex = 1; lastKnownFileType = text.xcconfig; name = "Pods-CatStaGram.debug.xcconfig"; path = "Target Support Files/Pods-CatStaGram/Pods-CatStaGram.debug.xcconfig"; sourceTree = "<group>"; };
		AB1D678319DA6381E9EE8C6C /* Pods-CatStaGram.release.xcconfig */ = {isa = PBXFileReference; includeInIndex = 1; lastKnownFileType = text.xcconfig; name = "Pods-CatStaGram.release.xcconfig"; path = "Target Support Files/Pods-CatStaGram/Pods-CatStaGram.release.xcconfig"; sourceTree = "<group>"; };
		B31FB9342B0A30EF003AD619 /* ProfileCollectionViewCell.swift */ = {isa = PBXFileReference; lastKnownFileType = sourcecode.swift; path = ProfileCollectionViewCell.swift; sourceTree = "<group>"; };
		B31FB9352B0A30EF003AD619 /* ProfileCollectionViewCell.xib */ = {isa = PBXFileReference; lastKnownFileType = file.xib; path = ProfileCollectionViewCell.xib; sourceTree = "<group>"; };
		B31FB93A2B0A44FD003AD619 /* PostCollectionViewCell.swift */ = {isa = PBXFileReference; lastKnownFileType = sourcecode.swift; path = PostCollectionViewCell.swift; sourceTree = "<group>"; };
		B31FB93B2B0A44FD003AD619 /* PostCollectionViewCell.xib */ = {isa = PBXFileReference; lastKnownFileType = file.xib; path = PostCollectionViewCell.xib; sourceTree = "<group>"; };
		B379827E2AB9C5530090FDE5 /* CatStaGram.app */ = {isa = PBXFileReference; explicitFileType = wrapper.application; includeInIndex = 0; path = CatStaGram.app; sourceTree = BUILT_PRODUCTS_DIR; };
		B37982812AB9C5530090FDE5 /* AppDelegate.swift */ = {isa = PBXFileReference; lastKnownFileType = sourcecode.swift; path = AppDelegate.swift; sourceTree = "<group>"; };
		B37982832AB9C5530090FDE5 /* SceneDelegate.swift */ = {isa = PBXFileReference; lastKnownFileType = sourcecode.swift; path = SceneDelegate.swift; sourceTree = "<group>"; };
		B379828A2AB9C5540090FDE5 /* Assets.xcassets */ = {isa = PBXFileReference; lastKnownFileType = folder.assetcatalog; path = Assets.xcassets; sourceTree = "<group>"; };
		B379828D2AB9C5540090FDE5 /* Base */ = {isa = PBXFileReference; lastKnownFileType = file.storyboard; name = Base; path = Base.lproj/LaunchScreen.storyboard; sourceTree = "<group>"; };
		B379828F2AB9C5540090FDE5 /* Info.plist */ = {isa = PBXFileReference; lastKnownFileType = text.plist.xml; path = Info.plist; sourceTree = "<group>"; };
		B37982952AB9D47F0090FDE5 /* Main.storyboard */ = {isa = PBXFileReference; fileEncoding = 4; lastKnownFileType = file.storyboard; path = Main.storyboard; sourceTree = "<group>"; };
		B37982972AB9D9F30090FDE5 /* LoginViewController.swift */ = {isa = PBXFileReference; lastKnownFileType = sourcecode.swift; path = LoginViewController.swift; sourceTree = "<group>"; };
		B37982992AB9E1BC0090FDE5 /* RegisterViewController.swift */ = {isa = PBXFileReference; lastKnownFileType = sourcecode.swift; path = RegisterViewController.swift; sourceTree = "<group>"; };
		B39582212AF89CFC00432FFE /* StoryTableViewCell.swift */ = {isa = PBXFileReference; lastKnownFileType = sourcecode.swift; path = StoryTableViewCell.swift; sourceTree = "<group>"; };
		B39582222AF89CFC00432FFE /* StoryTableViewCell.xib */ = {isa = PBXFileReference; lastKnownFileType = file.xib; path = StoryTableViewCell.xib; sourceTree = "<group>"; };
		B39582252AF8DD3E00432FFE /* StoryCollectionViewCell.swift */ = {isa = PBXFileReference; lastKnownFileType = sourcecode.swift; path = StoryCollectionViewCell.swift; sourceTree = "<group>"; };
		B39582262AF8DD3E00432FFE /* StoryCollectionViewCell.xib */ = {isa = PBXFileReference; lastKnownFileType = file.xib; path = StoryCollectionViewCell.xib; sourceTree = "<group>"; };
		B3CC38F42B0228D3006D80CF /* ProfileViewController.swift */ = {isa = PBXFileReference; lastKnownFileType = sourcecode.swift; path = ProfileViewController.swift; sourceTree = "<group>"; };
		B3F2DFEB2ADBAB7C000D7E3D /* HomeViewController.swift */ = {isa = PBXFileReference; lastKnownFileType = sourcecode.swift; path = HomeViewController.swift; sourceTree = "<group>"; };
		B3F2DFEE2ADBAE21000D7E3D /* FeedTableViewCell.swift */ = {isa = PBXFileReference; lastKnownFileType = sourcecode.swift; path = FeedTableViewCell.swift; sourceTree = "<group>"; };
		B3F2DFEF2ADBAE21000D7E3D /* FeedTableViewCell.xib */ = {isa = PBXFileReference; lastKnownFileType = file.xib; path = FeedTableViewCell.xib; sourceTree = "<group>"; };
		B3F51FB22AC150AF00A975CD /* UIView+Extension.swift */ = {isa = PBXFileReference; lastKnownFileType = sourcecode.swift; path = "UIView+Extension.swift"; sourceTree = "<group>"; };
		B3F51FB42AC1517800A975CD /* UIViewController+Extension.swift */ = {isa = PBXFileReference; lastKnownFileType = sourcecode.swift; path = "UIViewController+Extension.swift"; sourceTree = "<group>"; };
		B3F51FB62AC15D8400A975CD /* UserInfo.swift */ = {isa = PBXFileReference; lastKnownFileType = sourcecode.swift; path = UserInfo.swift; sourceTree = "<group>"; };
		E6C01F36A0E35507D142114D /* Pods_CatStaGram.framework */ = {isa = PBXFileReference; explicitFileType = wrapper.framework; includeInIndex = 0; path = Pods_CatStaGram.framework; sourceTree = BUILT_PRODUCTS_DIR; };
/* End PBXFileReference section */

/* Begin PBXFrameworksBuildPhase section */
		B379827B2AB9C5530090FDE5 /* Frameworks */ = {
			isa = PBXFrameworksBuildPhase;
			buildActionMask = 2147483647;
			files = (
				26AA323753A84606F478D585 /* Pods_CatStaGram.framework in Frameworks */,
			);
			runOnlyForDeploymentPostprocessing = 0;
		};
/* End PBXFrameworksBuildPhase section */

/* Begin PBXGroup section */
		B31FB9332B0A30C0003AD619 /* Cell */ = {
			isa = PBXGroup;
			children = (
				B31FB9392B0A44DA003AD619 /* ProfileCell */,
				B31FB9382B0A44BD003AD619 /* PostCell */,
			);
			path = Cell;
			sourceTree = "<group>";
		};
		B31FB9382B0A44BD003AD619 /* PostCell */ = {
			isa = PBXGroup;
			children = (
				B31FB93A2B0A44FD003AD619 /* PostCollectionViewCell.swift */,
				B31FB93B2B0A44FD003AD619 /* PostCollectionViewCell.xib */,
			);
			path = PostCell;
			sourceTree = "<group>";
		};
		B31FB9392B0A44DA003AD619 /* ProfileCell */ = {
			isa = PBXGroup;
			children = (
				B31FB9342B0A30EF003AD619 /* ProfileCollectionViewCell.swift */,
				B31FB9352B0A30EF003AD619 /* ProfileCollectionViewCell.xib */,
			);
			path = ProfileCell;
			sourceTree = "<group>";
		};
		B37982752AB9C5530090FDE5 = {
			isa = PBXGroup;
			children = (
				B37982802AB9C5530090FDE5 /* CatStaGram */,
				B379827F2AB9C5530090FDE5 /* Products */,
				C65B8B20C4AF586CAE5096C1 /* Pods */,
				C4C952BF3886778767CA9D06 /* Frameworks */,
			);
			sourceTree = "<group>";
		};
		B379827F2AB9C5530090FDE5 /* Products */ = {
			isa = PBXGroup;
			children = (
				B379827E2AB9C5530090FDE5 /* CatStaGram.app */,
			);
			name = Products;
			sourceTree = "<group>";
		};
		B37982802AB9C5530090FDE5 /* CatStaGram */ = {
			isa = PBXGroup;
			children = (
				B3F2DFEA2ADBAB5D000D7E3D /* Home */,
				B37982812AB9C5530090FDE5 /* AppDelegate.swift */,
				B37982832AB9C5530090FDE5 /* SceneDelegate.swift */,
				B379828A2AB9C5540090FDE5 /* Assets.xcassets */,
				B3CC38F32B02289A006D80CF /* Profile */,
				B379828C2AB9C5540090FDE5 /* LaunchScreen.storyboard */,
				B379828F2AB9C5540090FDE5 /* Info.plist */,
				B37982952AB9D47F0090FDE5 /* Main.storyboard */,
				B3F51FB42AC1517800A975CD /* UIViewController+Extension.swift */,
				B37982992AB9E1BC0090FDE5 /* RegisterViewController.swift */,
				B3F51FB62AC15D8400A975CD /* UserInfo.swift */,
				B3F51FB22AC150AF00A975CD /* UIView+Extension.swift */,
				B37982972AB9D9F30090FDE5 /* LoginViewController.swift */,
			);
			path = CatStaGram;
			sourceTree = "<group>";
		};
		B3CC38F32B02289A006D80CF /* Profile */ = {
			isa = PBXGroup;
			children = (
				B31FB9332B0A30C0003AD619 /* Cell */,
				B3CC38F42B0228D3006D80CF /* ProfileViewController.swift */,
			);
			path = Profile;
			sourceTree = "<group>";
		};
		B3F2DFEA2ADBAB5D000D7E3D /* Home */ = {
			isa = PBXGroup;
			children = (
				B3F2DFED2ADBADFA000D7E3D /* Cell */,
				B3F2DFEB2ADBAB7C000D7E3D /* HomeViewController.swift */,
			);
			path = Home;
			sourceTree = "<group>";
		};
		B3F2DFED2ADBADFA000D7E3D /* Cell */ = {
			isa = PBXGroup;
			children = (
				B3F2DFEE2ADBAE21000D7E3D /* FeedTableViewCell.swift */,
				B3F2DFEF2ADBAE21000D7E3D /* FeedTableViewCell.xib */,
				B39582212AF89CFC00432FFE /* StoryTableViewCell.swift */,
				B39582222AF89CFC00432FFE /* StoryTableViewCell.xib */,
				B39582252AF8DD3E00432FFE /* StoryCollectionViewCell.swift */,
				B39582262AF8DD3E00432FFE /* StoryCollectionViewCell.xib */,
			);
			path = Cell;
			sourceTree = "<group>";
		};
		C4C952BF3886778767CA9D06 /* Frameworks */ = {
			isa = PBXGroup;
			children = (
				E6C01F36A0E35507D142114D /* Pods_CatStaGram.framework */,
			);
			name = Frameworks;
			sourceTree = "<group>";
		};
		C65B8B20C4AF586CAE5096C1 /* Pods */ = {
			isa = PBXGroup;
			children = (
				1C8A7A7B4A75FFF6DC45D5DB /* Pods-CatStaGram.debug.xcconfig */,
				AB1D678319DA6381E9EE8C6C /* Pods-CatStaGram.release.xcconfig */,
			);
			name = Pods;
			path = Pods;
			sourceTree = "<group>";
		};
/* End PBXGroup section */

/* Begin PBXNativeTarget section */
		B379827D2AB9C5530090FDE5 /* CatStaGram */ = {
			isa = PBXNativeTarget;
			buildConfigurationList = B37982922AB9C5540090FDE5 /* Build configuration list for PBXNativeTarget "CatStaGram" */;
			buildPhases = (
				68A7408B0399F25C3B64DB20 /* [CP] Check Pods Manifest.lock */,
				B379827A2AB9C5530090FDE5 /* Sources */,
				B379827B2AB9C5530090FDE5 /* Frameworks */,
				B379827C2AB9C5530090FDE5 /* Resources */,
				25EF2671027CEB8C19EF77CD /* [CP] Embed Pods Frameworks */,
			);
			buildRules = (
			);
			dependencies = (
			);
			name = CatStaGram;
			productName = CatStaGram;
			productReference = B379827E2AB9C5530090FDE5 /* CatStaGram.app */;
			productType = "com.apple.product-type.application";
		};
/* End PBXNativeTarget section */

/* Begin PBXProject section */
		B37982762AB9C5530090FDE5 /* Project object */ = {
			isa = PBXProject;
			attributes = {
				BuildIndependentTargetsInParallel = 1;
				LastSwiftUpdateCheck = 1500;
				LastUpgradeCheck = 1500;
				TargetAttributes = {
					B379827D2AB9C5530090FDE5 = {
						CreatedOnToolsVersion = 15.0;
					};
				};
			};
			buildConfigurationList = B37982792AB9C5530090FDE5 /* Build configuration list for PBXProject "CatStaGram" */;
			compatibilityVersion = "Xcode 14.0";
			developmentRegion = en;
			hasScannedForEncodings = 0;
			knownRegions = (
				en,
				Base,
			);
			mainGroup = B37982752AB9C5530090FDE5;
			productRefGroup = B379827F2AB9C5530090FDE5 /* Products */;
			projectDirPath = "";
			projectRoot = "";
			targets = (
				B379827D2AB9C5530090FDE5 /* CatStaGram */,
			);
		};
/* End PBXProject section */

/* Begin PBXResourcesBuildPhase section */
		B379827C2AB9C5530090FDE5 /* Resources */ = {
			isa = PBXResourcesBuildPhase;
			buildActionMask = 2147483647;
			files = (
				B31FB93D2B0A44FD003AD619 /* PostCollectionViewCell.xib in Resources */,
				B37982962AB9D47F0090FDE5 /* Main.storyboard in Resources */,
				B3F2DFF12ADBAE21000D7E3D /* FeedTableViewCell.xib in Resources */,
				B379828E2AB9C5540090FDE5 /* LaunchScreen.storyboard in Resources */,
				B31FB9372B0A30EF003AD619 /* ProfileCollectionViewCell.xib in Resources */,
				B39582242AF89CFC00432FFE /* StoryTableViewCell.xib in Resources */,
				B39582282AF8DD3F00432FFE /* StoryCollectionViewCell.xib in Resources */,
				B379828B2AB9C5540090FDE5 /* Assets.xcassets in Resources */,
			);
			runOnlyForDeploymentPostprocessing = 0;
		};
/* End PBXResourcesBuildPhase section */

/* Begin PBXShellScriptBuildPhase section */
		25EF2671027CEB8C19EF77CD /* [CP] Embed Pods Frameworks */ = {
			isa = PBXShellScriptBuildPhase;
			buildActionMask = 2147483647;
			files = (
			);
			inputFileListPaths = (
				"${PODS_ROOT}/Target Support Files/Pods-CatStaGram/Pods-CatStaGram-frameworks-${CONFIGURATION}-input-files.xcfilelist",
			);
			name = "[CP] Embed Pods Frameworks";
			outputFileListPaths = (
				"${PODS_ROOT}/Target Support Files/Pods-CatStaGram/Pods-CatStaGram-frameworks-${CONFIGURATION}-output-files.xcfilelist",
			);
			runOnlyForDeploymentPostprocessing = 0;
			shellPath = /bin/sh;
			shellScript = "\"${PODS_ROOT}/Target Support Files/Pods-CatStaGram/Pods-CatStaGram-frameworks.sh\"\n";
			showEnvVarsInLog = 0;
		};
		68A7408B0399F25C3B64DB20 /* [CP] Check Pods Manifest.lock */ = {
			isa = PBXShellScriptBuildPhase;
			buildActionMask = 2147483647;
			files = (
			);
			inputFileListPaths = (
			);
			inputPaths = (
				"${PODS_PODFILE_DIR_PATH}/Podfile.lock",
				"${PODS_ROOT}/Manifest.lock",
			);
			name = "[CP] Check Pods Manifest.lock";
			outputFileListPaths = (
			);
			outputPaths = (
				"$(DERIVED_FILE_DIR)/Pods-CatStaGram-checkManifestLockResult.txt",
			);
			runOnlyForDeploymentPostprocessing = 0;
			shellPath = /bin/sh;
			shellScript = "diff \"${PODS_PODFILE_DIR_PATH}/Podfile.lock\" \"${PODS_ROOT}/Manifest.lock\" > /dev/null\nif [ $? != 0 ] ; then\n    # print error to STDERR\n    echo \"error: The sandbox is not in sync with the Podfile.lock. Run 'pod install' or update your CocoaPods installation.\" >&2\n    exit 1\nfi\n# This output is used by Xcode 'outputs' to avoid re-running this script phase.\necho \"SUCCESS\" > \"${SCRIPT_OUTPUT_FILE_0}\"\n";
			showEnvVarsInLog = 0;
		};
/* End PBXShellScriptBuildPhase section */

/* Begin PBXSourcesBuildPhase section */
		B379827A2AB9C5530090FDE5 /* Sources */ = {
			isa = PBXSourcesBuildPhase;
			buildActionMask = 2147483647;
			files = (
				B37982982AB9D9F30090FDE5 /* LoginViewController.swift in Sources */,
				B37982822AB9C5530090FDE5 /* AppDelegate.swift in Sources */,
				B39582272AF8DD3F00432FFE /* StoryCollectionViewCell.swift in Sources */,
				B3F51FB52AC1517800A975CD /* UIViewController+Extension.swift in Sources */,
				B3F2DFEC2ADBAB7C000D7E3D /* HomeViewController.swift in Sources */,
				B37982842AB9C5530090FDE5 /* SceneDelegate.swift in Sources */,
				B3CC38F52B0228D3006D80CF /* ProfileViewController.swift in Sources */,
				B3F51FB32AC150B000A975CD /* UIView+Extension.swift in Sources */,
				B31FB9362B0A30EF003AD619 /* ProfileCollectionViewCell.swift in Sources */,
				B3F51FB72AC15D8400A975CD /* UserInfo.swift in Sources */,
				B3F2DFF02ADBAE21000D7E3D /* FeedTableViewCell.swift in Sources */,
				B379829A2AB9E1BC0090FDE5 /* RegisterViewController.swift in Sources */,
				B31FB93C2B0A44FD003AD619 /* PostCollectionViewCell.swift in Sources */,
				B39582232AF89CFC00432FFE /* StoryTableViewCell.swift in Sources */,
			);
			runOnlyForDeploymentPostprocessing = 0;
		};
/* End PBXSourcesBuildPhase section */

/* Begin PBXVariantGroup section */
		B379828C2AB9C5540090FDE5 /* LaunchScreen.storyboard */ = {
			isa = PBXVariantGroup;
			children = (
				B379828D2AB9C5540090FDE5 /* Base */,
			);
			name = LaunchScreen.storyboard;
			sourceTree = "<group>";
		};
/* End PBXVariantGroup section */

/* Begin XCBuildConfiguration section */
		B37982902AB9C5540090FDE5 /* Debug */ = {
			isa = XCBuildConfiguration;
			buildSettings = {
				ALWAYS_SEARCH_USER_PATHS = NO;
				ASSETCATALOG_COMPILER_GENERATE_SWIFT_ASSET_SYMBOL_EXTENSIONS = YES;
				CLANG_ANALYZER_NONNULL = YES;
				CLANG_ANALYZER_NUMBER_OBJECT_CONVERSION = YES_AGGRESSIVE;
				CLANG_CXX_LANGUAGE_STANDARD = "gnu++20";
				CLANG_ENABLE_MODULES = YES;
				CLANG_ENABLE_OBJC_ARC = YES;
				CLANG_ENABLE_OBJC_WEAK = YES;
				CLANG_WARN_BLOCK_CAPTURE_AUTORELEASING = YES;
				CLANG_WARN_BOOL_CONVERSION = YES;
				CLANG_WARN_COMMA = YES;
				CLANG_WARN_CONSTANT_CONVERSION = YES;
				CLANG_WARN_DEPRECATED_OBJC_IMPLEMENTATIONS = YES;
				CLANG_WARN_DIRECT_OBJC_ISA_USAGE = YES_ERROR;
				CLANG_WARN_DOCUMENTATION_COMMENTS = YES;
				CLANG_WARN_EMPTY_BODY = YES;
				CLANG_WARN_ENUM_CONVERSION = YES;
				CLANG_WARN_INFINITE_RECURSION = YES;
				CLANG_WARN_INT_CONVERSION = YES;
				CLANG_WARN_NON_LITERAL_NULL_CONVERSION = YES;
				CLANG_WARN_OBJC_IMPLICIT_RETAIN_SELF = YES;
				CLANG_WARN_OBJC_LITERAL_CONVERSION = YES;
				CLANG_WARN_OBJC_ROOT_CLASS = YES_ERROR;
				CLANG_WARN_QUOTED_INCLUDE_IN_FRAMEWORK_HEADER = YES;
				CLANG_WARN_RANGE_LOOP_ANALYSIS = YES;
				CLANG_WARN_STRICT_PROTOTYPES = YES;
				CLANG_WARN_SUSPICIOUS_MOVE = YES;
				CLANG_WARN_UNGUARDED_AVAILABILITY = YES_AGGRESSIVE;
				CLANG_WARN_UNREACHABLE_CODE = YES;
				CLANG_WARN__DUPLICATE_METHOD_MATCH = YES;
				COPY_PHASE_STRIP = NO;
				DEBUG_INFORMATION_FORMAT = dwarf;
				ENABLE_STRICT_OBJC_MSGSEND = YES;
				ENABLE_TESTABILITY = YES;
				ENABLE_USER_SCRIPT_SANDBOXING = YES;
				GCC_C_LANGUAGE_STANDARD = gnu17;
				GCC_DYNAMIC_NO_PIC = NO;
				GCC_NO_COMMON_BLOCKS = YES;
				GCC_OPTIMIZATION_LEVEL = 0;
				GCC_PREPROCESSOR_DEFINITIONS = (
					"DEBUG=1",
					"$(inherited)",
				);
				GCC_WARN_64_TO_32_BIT_CONVERSION = YES;
				GCC_WARN_ABOUT_RETURN_TYPE = YES_ERROR;
				GCC_WARN_UNDECLARED_SELECTOR = YES;
				GCC_WARN_UNINITIALIZED_AUTOS = YES_AGGRESSIVE;
				GCC_WARN_UNUSED_FUNCTION = YES;
				GCC_WARN_UNUSED_VARIABLE = YES;
				IPHONEOS_DEPLOYMENT_TARGET = 17.0;
				LOCALIZATION_PREFERS_STRING_CATALOGS = YES;
				MTL_ENABLE_DEBUG_INFO = INCLUDE_SOURCE;
				MTL_FAST_MATH = YES;
				ONLY_ACTIVE_ARCH = YES;
				SDKROOT = iphoneos;
				SWIFT_ACTIVE_COMPILATION_CONDITIONS = "DEBUG $(inherited)";
				SWIFT_OPTIMIZATION_LEVEL = "-Onone";
			};
			name = Debug;
		};
		B37982912AB9C5540090FDE5 /* Release */ = {
			isa = XCBuildConfiguration;
			buildSettings = {
				ALWAYS_SEARCH_USER_PATHS = NO;
				ASSETCATALOG_COMPILER_GENERATE_SWIFT_ASSET_SYMBOL_EXTENSIONS = YES;
				CLANG_ANALYZER_NONNULL = YES;
				CLANG_ANALYZER_NUMBER_OBJECT_CONVERSION = YES_AGGRESSIVE;
				CLANG_CXX_LANGUAGE_STANDARD = "gnu++20";
				CLANG_ENABLE_MODULES = YES;
				CLANG_ENABLE_OBJC_ARC = YES;
				CLANG_ENABLE_OBJC_WEAK = YES;
				CLANG_WARN_BLOCK_CAPTURE_AUTORELEASING = YES;
				CLANG_WARN_BOOL_CONVERSION = YES;
				CLANG_WARN_COMMA = YES;
				CLANG_WARN_CONSTANT_CONVERSION = YES;
				CLANG_WARN_DEPRECATED_OBJC_IMPLEMENTATIONS = YES;
				CLANG_WARN_DIRECT_OBJC_ISA_USAGE = YES_ERROR;
				CLANG_WARN_DOCUMENTATION_COMMENTS = YES;
				CLANG_WARN_EMPTY_BODY = YES;
				CLANG_WARN_ENUM_CONVERSION = YES;
				CLANG_WARN_INFINITE_RECURSION = YES;
				CLANG_WARN_INT_CONVERSION = YES;
				CLANG_WARN_NON_LITERAL_NULL_CONVERSION = YES;
				CLANG_WARN_OBJC_IMPLICIT_RETAIN_SELF = YES;
				CLANG_WARN_OBJC_LITERAL_CONVERSION = YES;
				CLANG_WARN_OBJC_ROOT_CLASS = YES_ERROR;
				CLANG_WARN_QUOTED_INCLUDE_IN_FRAMEWORK_HEADER = YES;
				CLANG_WARN_RANGE_LOOP_ANALYSIS = YES;
				CLANG_WARN_STRICT_PROTOTYPES = YES;
				CLANG_WARN_SUSPICIOUS_MOVE = YES;
				CLANG_WARN_UNGUARDED_AVAILABILITY = YES_AGGRESSIVE;
				CLANG_WARN_UNREACHABLE_CODE = YES;
				CLANG_WARN__DUPLICATE_METHOD_MATCH = YES;
				COPY_PHASE_STRIP = NO;
				DEBUG_INFORMATION_FORMAT = "dwarf-with-dsym";
				ENABLE_NS_ASSERTIONS = NO;
				ENABLE_STRICT_OBJC_MSGSEND = YES;
				ENABLE_USER_SCRIPT_SANDBOXING = YES;
				GCC_C_LANGUAGE_STANDARD = gnu17;
				GCC_NO_COMMON_BLOCKS = YES;
				GCC_WARN_64_TO_32_BIT_CONVERSION = YES;
				GCC_WARN_ABOUT_RETURN_TYPE = YES_ERROR;
				GCC_WARN_UNDECLARED_SELECTOR = YES;
				GCC_WARN_UNINITIALIZED_AUTOS = YES_AGGRESSIVE;
				GCC_WARN_UNUSED_FUNCTION = YES;
				GCC_WARN_UNUSED_VARIABLE = YES;
				IPHONEOS_DEPLOYMENT_TARGET = 17.0;
				LOCALIZATION_PREFERS_STRING_CATALOGS = YES;
				MTL_ENABLE_DEBUG_INFO = NO;
				MTL_FAST_MATH = YES;
				SDKROOT = iphoneos;
				SWIFT_COMPILATION_MODE = wholemodule;
				VALIDATE_PRODUCT = YES;
			};
			name = Release;
		};
		B37982932AB9C5540090FDE5 /* Debug */ = {
			isa = XCBuildConfiguration;
			baseConfigurationReference = 1C8A7A7B4A75FFF6DC45D5DB /* Pods-CatStaGram.debug.xcconfig */;
			buildSettings = {
				ASSETCATALOG_COMPILER_APPICON_NAME = AppIcon;
				ASSETCATALOG_COMPILER_GLOBAL_ACCENT_COLOR_NAME = AccentColor;
				CODE_SIGN_STYLE = Automatic;
				CURRENT_PROJECT_VERSION = 1;
				DEVELOPMENT_TEAM = 85KHKQ87T4;
				GENERATE_INFOPLIST_FILE = YES;
				INFOPLIST_FILE = CatStaGram/Info.plist;
				INFOPLIST_KEY_UIApplicationSupportsIndirectInputEvents = YES;
				INFOPLIST_KEY_UILaunchStoryboardName = LaunchScreen;
				INFOPLIST_KEY_UIMainStoryboardFile = Main;
				INFOPLIST_KEY_UISupportedInterfaceOrientations_iPad = "UIInterfaceOrientationPortrait UIInterfaceOrientationPortraitUpsideDown UIInterfaceOrientationLandscapeLeft UIInterfaceOrientationLandscapeRight";
				INFOPLIST_KEY_UISupportedInterfaceOrientations_iPhone = "UIInterfaceOrientationPortrait UIInterfaceOrientationLandscapeLeft UIInterfaceOrientationLandscapeRight";
				LD_RUNPATH_SEARCH_PATHS = (
					"$(inherited)",
					"@executable_path/Frameworks",
				);
				MARKETING_VERSION = 1.0;
				PRODUCT_BUNDLE_IDENTIFIER = SK.CatStaGram;
				PRODUCT_NAME = "$(TARGET_NAME)";
				SWIFT_EMIT_LOC_STRINGS = YES;
				SWIFT_VERSION = 5.0;
				TARGETED_DEVICE_FAMILY = "1,2";
			};
			name = Debug;
		};
		B37982942AB9C5540090FDE5 /* Release */ = {
			isa = XCBuildConfiguration;
			baseConfigurationReference = AB1D678319DA6381E9EE8C6C /* Pods-CatStaGram.release.xcconfig */;
			buildSettings = {
				ASSETCATALOG_COMPILER_APPICON_NAME = AppIcon;
				ASSETCATALOG_COMPILER_GLOBAL_ACCENT_COLOR_NAME = AccentColor;
				CODE_SIGN_STYLE = Automatic;
				CURRENT_PROJECT_VERSION = 1;
				DEVELOPMENT_TEAM = 85KHKQ87T4;
				GENERATE_INFOPLIST_FILE = YES;
				INFOPLIST_FILE = CatStaGram/Info.plist;
				INFOPLIST_KEY_UIApplicationSupportsIndirectInputEvents = YES;
				INFOPLIST_KEY_UILaunchStoryboardName = LaunchScreen;
				INFOPLIST_KEY_UIMainStoryboardFile = Main;
				INFOPLIST_KEY_UISupportedInterfaceOrientations_iPad = "UIInterfaceOrientationPortrait UIInterfaceOrientationPortraitUpsideDown UIInterfaceOrientationLandscapeLeft UIInterfaceOrientationLandscapeRight";
				INFOPLIST_KEY_UISupportedInterfaceOrientations_iPhone = "UIInterfaceOrientationPortrait UIInterfaceOrientationLandscapeLeft UIInterfaceOrientationLandscapeRight";
				LD_RUNPATH_SEARCH_PATHS = (
					"$(inherited)",
					"@executable_path/Frameworks",
				);
				MARKETING_VERSION = 1.0;
				PRODUCT_BUNDLE_IDENTIFIER = SK.CatStaGram;
				PRODUCT_NAME = "$(TARGET_NAME)";
				SWIFT_EMIT_LOC_STRINGS = YES;
				SWIFT_VERSION = 5.0;
				TARGETED_DEVICE_FAMILY = "1,2";
			};
			name = Release;
		};
/* End XCBuildConfiguration section */

/* Begin XCConfigurationList section */
		B37982792AB9C5530090FDE5 /* Build configuration list for PBXProject "CatStaGram" */ = {
			isa = XCConfigurationList;
			buildConfigurations = (
				B37982902AB9C5540090FDE5 /* Debug */,
				B37982912AB9C5540090FDE5 /* Release */,
			);
			defaultConfigurationIsVisible = 0;
			defaultConfigurationName = Release;
		};
		B37982922AB9C5540090FDE5 /* Build configuration list for PBXNativeTarget "CatStaGram" */ = {
			isa = XCConfigurationList;
			buildConfigurations = (
				B37982932AB9C5540090FDE5 /* Debug */,
				B37982942AB9C5540090FDE5 /* Release */,
			);
			defaultConfigurationIsVisible = 0;
			defaultConfigurationName = Release;
		};
/* End XCConfigurationList section */
	};
	rootObject = B37982762AB9C5530090FDE5 /* Project object */;
}
