// !$*UTF8*$!
{
	archiveVersion = 1;
	classes = {
	};
	objectVersion = 54;
	objects = {

/* Begin PBXBuildFile section */
		B39E3B492AF8F53D00403A4D /* AppDelegate.swift in Sources */ = {isa = PBXBuildFile; fileRef = B39E3B482AF8F53D00403A4D /* AppDelegate.swift */; };
		B39E3B4B2AF8F53D00403A4D /* SceneDelegate.swift in Sources */ = {isa = PBXBuildFile; fileRef = B39E3B4A2AF8F53D00403A4D /* SceneDelegate.swift */; };
		B39E3B4D2AF8F53D00403A4D /* ViewController.swift in Sources */ = {isa = PBXBuildFile; fileRef = B39E3B4C2AF8F53D00403A4D /* ViewController.swift */; };
		B39E3B502AF8F53D00403A4D /* Main.storyboard in Resources */ = {isa = PBXBuildFile; fileRef = B39E3B4E2AF8F53D00403A4D /* Main.storyboard */; };
		B39E3B522AF8F53F00403A4D /* Assets.xcassets in Resources */ = {isa = PBXBuildFile; fileRef = B39E3B512AF8F53F00403A4D /* Assets.xcassets */; };
		B39E3B552AF8F53F00403A4D /* LaunchScreen.storyboard in Resources */ = {isa = PBXBuildFile; fileRef = B39E3B532AF8F53F00403A4D /* LaunchScreen.storyboard */; };
		B3A6A91B2B00D73100636F84 /* LottieAnimation.json in Resources */ = {isa = PBXBuildFile; fileRef = B3A6A91A2B00D73000636F84 /* LottieAnimation.json */; };
		FD35ABE84864DF5C75CBAACD /* Pods_LibraryExtension.framework in Frameworks */ = {isa = PBXBuildFile; fileRef = 224F487EC384961D02A2EDF1 /* Pods_LibraryExtension.framework */; };
/* End PBXBuildFile section */

/* Begin PBXFileReference section */
		224F487EC384961D02A2EDF1 /* Pods_LibraryExtension.framework */ = {isa = PBXFileReference; explicitFileType = wrapper.framework; includeInIndex = 0; path = Pods_LibraryExtension.framework; sourceTree = BUILT_PRODUCTS_DIR; };
		38386BA16B9AB0A4FFF83D06 /* Pods-LibraryExtension.release.xcconfig */ = {isa = PBXFileReference; includeInIndex = 1; lastKnownFileType = text.xcconfig; name = "Pods-LibraryExtension.release.xcconfig"; path = "Target Support Files/Pods-LibraryExtension/Pods-LibraryExtension.release.xcconfig"; sourceTree = "<group>"; };
		A69BC67828A7370E3A5ABA19 /* Pods-LibraryExtension.debug.xcconfig */ = {isa = PBXFileReference; includeInIndex = 1; lastKnownFileType = text.xcconfig; name = "Pods-LibraryExtension.debug.xcconfig"; path = "Target Support Files/Pods-LibraryExtension/Pods-LibraryExtension.debug.xcconfig"; sourceTree = "<group>"; };
		B39E3B452AF8F53D00403A4D /* LibraryExtension.app */ = {isa = PBXFileReference; explicitFileType = wrapper.application; includeInIndex = 0; path = LibraryExtension.app; sourceTree = BUILT_PRODUCTS_DIR; };
		B39E3B482AF8F53D00403A4D /* AppDelegate.swift */ = {isa = PBXFileReference; lastKnownFileType = sourcecode.swift; path = AppDelegate.swift; sourceTree = "<group>"; };
		B39E3B4A2AF8F53D00403A4D /* SceneDelegate.swift */ = {isa = PBXFileReference; lastKnownFileType = sourcecode.swift; path = SceneDelegate.swift; sourceTree = "<group>"; };
		B39E3B4C2AF8F53D00403A4D /* ViewController.swift */ = {isa = PBXFileReference; lastKnownFileType = sourcecode.swift; path = ViewController.swift; sourceTree = "<group>"; };
		B39E3B4F2AF8F53D00403A4D /* Base */ = {isa = PBXFileReference; lastKnownFileType = file.storyboard; name = Base; path = Base.lproj/Main.storyboard; sourceTree = "<group>"; };
		B39E3B512AF8F53F00403A4D /* Assets.xcassets */ = {isa = PBXFileReference; lastKnownFileType = folder.assetcatalog; path = Assets.xcassets; sourceTree = "<group>"; };
		B39E3B542AF8F53F00403A4D /* Base */ = {isa = PBXFileReference; lastKnownFileType = file.storyboard; name = Base; path = Base.lproj/LaunchScreen.storyboard; sourceTree = "<group>"; };
		B39E3B562AF8F53F00403A4D /* Info.plist */ = {isa = PBXFileReference; lastKnownFileType = text.plist.xml; path = Info.plist; sourceTree = "<group>"; };
		B3A6A91A2B00D73000636F84 /* LottieAnimation.json */ = {isa = PBXFileReference; fileEncoding = 4; lastKnownFileType = text.json; path = LottieAnimation.json; sourceTree = "<group>"; };
/* End PBXFileReference section */

/* Begin PBXFrameworksBuildPhase section */
		B39E3B422AF8F53D00403A4D /* Frameworks */ = {
			isa = PBXFrameworksBuildPhase;
			buildActionMask = 2147483647;
			files = (
				FD35ABE84864DF5C75CBAACD /* Pods_LibraryExtension.framework in Frameworks */,
			);
			runOnlyForDeploymentPostprocessing = 0;
		};
/* End PBXFrameworksBuildPhase section */

/* Begin PBXGroup section */
		6EFF2DC8F3A9665D39FF57D9 /* Frameworks */ = {
			isa = PBXGroup;
			children = (
				224F487EC384961D02A2EDF1 /* Pods_LibraryExtension.framework */,
			);
			name = Frameworks;
			sourceTree = "<group>";
		};
		6F03556E3D846D33DA593EDB /* Pods */ = {
			isa = PBXGroup;
			children = (
				A69BC67828A7370E3A5ABA19 /* Pods-LibraryExtension.debug.xcconfig */,
				38386BA16B9AB0A4FFF83D06 /* Pods-LibraryExtension.release.xcconfig */,
			);
			path = Pods;
			sourceTree = "<group>";
		};
		B39E3B3C2AF8F53D00403A4D = {
			isa = PBXGroup;
			children = (
				B39E3B472AF8F53D00403A4D /* LibraryExtension */,
				B39E3B462AF8F53D00403A4D /* Products */,
				6F03556E3D846D33DA593EDB /* Pods */,
				6EFF2DC8F3A9665D39FF57D9 /* Frameworks */,
			);
			sourceTree = "<group>";
		};
		B39E3B462AF8F53D00403A4D /* Products */ = {
			isa = PBXGroup;
			children = (
				B39E3B452AF8F53D00403A4D /* LibraryExtension.app */,
			);
			name = Products;
			sourceTree = "<group>";
		};
		B39E3B472AF8F53D00403A4D /* LibraryExtension */ = {
			isa = PBXGroup;
			children = (
				B39E3B482AF8F53D00403A4D /* AppDelegate.swift */,
				B39E3B4A2AF8F53D00403A4D /* SceneDelegate.swift */,
				B39E3B4C2AF8F53D00403A4D /* ViewController.swift */,
				B39E3B4E2AF8F53D00403A4D /* Main.storyboard */,
				B3A6A91A2B00D73000636F84 /* LottieAnimation.json */,
				B39E3B512AF8F53F00403A4D /* Assets.xcassets */,
				B39E3B532AF8F53F00403A4D /* LaunchScreen.storyboard */,
				B39E3B562AF8F53F00403A4D /* Info.plist */,
			);
			path = LibraryExtension;
			sourceTree = "<group>";
		};
/* End PBXGroup section */

/* Begin PBXNativeTarget section */
		B39E3B442AF8F53D00403A4D /* LibraryExtension */ = {
			isa = PBXNativeTarget;
			buildConfigurationList = B39E3B592AF8F53F00403A4D /* Build configuration list for PBXNativeTarget "LibraryExtension" */;
			buildPhases = (
				73FC0EFAC794F4412E881DD3 /* [CP] Check Pods Manifest.lock */,
				B39E3B412AF8F53D00403A4D /* Sources */,
				B39E3B422AF8F53D00403A4D /* Frameworks */,
				B39E3B432AF8F53D00403A4D /* Resources */,
				2F68B6307683EFC183CEF77B /* [CP] Embed Pods Frameworks */,
			);
			buildRules = (
			);
			dependencies = (
			);
			name = LibraryExtension;
			productName = LibraryExtension;
			productReference = B39E3B452AF8F53D00403A4D /* LibraryExtension.app */;
			productType = "com.apple.product-type.application";
		};
/* End PBXNativeTarget section */

/* Begin PBXProject section */
		B39E3B3D2AF8F53D00403A4D /* Project object */ = {
			isa = PBXProject;
			attributes = {
				BuildIndependentTargetsInParallel = 1;
				LastSwiftUpdateCheck = 1500;
				LastUpgradeCheck = 1500;
				TargetAttributes = {
					B39E3B442AF8F53D00403A4D = {
						CreatedOnToolsVersion = 15.0.1;
					};
				};
			};
			buildConfigurationList = B39E3B402AF8F53D00403A4D /* Build configuration list for PBXProject "LibraryExtension" */;
			compatibilityVersion = "Xcode 12.0";
			developmentRegion = en;
			hasScannedForEncodings = 0;
			knownRegions = (
				en,
				Base,
			);
			mainGroup = B39E3B3C2AF8F53D00403A4D;
			productRefGroup = B39E3B462AF8F53D00403A4D /* Products */;
			projectDirPath = "";
			projectRoot = "";
			targets = (
				B39E3B442AF8F53D00403A4D /* LibraryExtension */,
			);
		};
/* End PBXProject section */

/* Begin PBXResourcesBuildPhase section */
		B39E3B432AF8F53D00403A4D /* Resources */ = {
			isa = PBXResourcesBuildPhase;
			buildActionMask = 2147483647;
			files = (
				B39E3B552AF8F53F00403A4D /* LaunchScreen.storyboard in Resources */,
				B3A6A91B2B00D73100636F84 /* LottieAnimation.json in Resources */,
				B39E3B522AF8F53F00403A4D /* Assets.xcassets in Resources */,
				B39E3B502AF8F53D00403A4D /* Main.storyboard in Resources */,
			);
			runOnlyForDeploymentPostprocessing = 0;
		};
/* End PBXResourcesBuildPhase section */

/* Begin PBXShellScriptBuildPhase section */
		2F68B6307683EFC183CEF77B /* [CP] Embed Pods Frameworks */ = {
			isa = PBXShellScriptBuildPhase;
			buildActionMask = 2147483647;
			files = (
			);
			inputFileListPaths = (
				"${PODS_ROOT}/Target Support Files/Pods-LibraryExtension/Pods-LibraryExtension-frameworks-${CONFIGURATION}-input-files.xcfilelist",
			);
			name = "[CP] Embed Pods Frameworks";
			outputFileListPaths = (
				"${PODS_ROOT}/Target Support Files/Pods-LibraryExtension/Pods-LibraryExtension-frameworks-${CONFIGURATION}-output-files.xcfilelist",
			);
			runOnlyForDeploymentPostprocessing = 0;
			shellPath = /bin/sh;
			shellScript = "\"${PODS_ROOT}/Target Support Files/Pods-LibraryExtension/Pods-LibraryExtension-frameworks.sh\"\n";
			showEnvVarsInLog = 0;
		};
		73FC0EFAC794F4412E881DD3 /* [CP] Check Pods Manifest.lock */ = {
			isa = PBXShellScriptBuildPhase;
			buildActionMask = 2147483647;
			files = (
			);
			inputFileListPaths = (
			);
			inputPaths = (
				"${PODS_PODFILE_DIR_PATH}/Podfile.lock",
				"${PODS_ROOT}/Manifest.lock",
			);
			name = "[CP] Check Pods Manifest.lock";
			outputFileListPaths = (
			);
			outputPaths = (
				"$(DERIVED_FILE_DIR)/Pods-LibraryExtension-checkManifestLockResult.txt",
			);
			runOnlyForDeploymentPostprocessing = 0;
			shellPath = /bin/sh;
			shellScript = "diff \"${PODS_PODFILE_DIR_PATH}/Podfile.lock\" \"${PODS_ROOT}/Manifest.lock\" > /dev/null\nif [ $? != 0 ] ; then\n    # print error to STDERR\n    echo \"error: The sandbox is not in sync with the Podfile.lock. Run 'pod install' or update your CocoaPods installation.\" >&2\n    exit 1\nfi\n# This output is used by Xcode 'outputs' to avoid re-running this script phase.\necho \"SUCCESS\" > \"${SCRIPT_OUTPUT_FILE_0}\"\n";
			showEnvVarsInLog = 0;
		};
/* End PBXShellScriptBuildPhase section */

/* Begin PBXSourcesBuildPhase section */
		B39E3B412AF8F53D00403A4D /* Sources */ = {
			isa = PBXSourcesBuildPhase;
			buildActionMask = 2147483647;
			files = (
				B39E3B4D2AF8F53D00403A4D /* ViewController.swift in Sources */,
				B39E3B492AF8F53D00403A4D /* AppDelegate.swift in Sources */,
				B39E3B4B2AF8F53D00403A4D /* SceneDelegate.swift in Sources */,
			);
			runOnlyForDeploymentPostprocessing = 0;
		};
/* End PBXSourcesBuildPhase section */

/* Begin PBXVariantGroup section */
		B39E3B4E2AF8F53D00403A4D /* Main.storyboard */ = {
			isa = PBXVariantGroup;
			children = (
				B39E3B4F2AF8F53D00403A4D /* Base */,
			);
			name = Main.storyboard;
			sourceTree = "<group>";
		};
		B39E3B532AF8F53F00403A4D /* LaunchScreen.storyboard */ = {
			isa = PBXVariantGroup;
			children = (
				B39E3B542AF8F53F00403A4D /* Base */,
			);
			name = LaunchScreen.storyboard;
			sourceTree = "<group>";
		};
/* End PBXVariantGroup section */

/* Begin XCBuildConfiguration section */
		B39E3B572AF8F53F00403A4D /* Debug */ = {
			isa = XCBuildConfiguration;
			buildSettings = {
				ALWAYS_SEARCH_USER_PATHS = NO;
				ASSETCATALOG_COMPILER_GENERATE_SWIFT_ASSET_SYMBOL_EXTENSIONS = YES;
				CLANG_ANALYZER_NONNULL = YES;
				CLANG_ANALYZER_NUMBER_OBJECT_CONVERSION = YES_AGGRESSIVE;
				CLANG_CXX_LANGUAGE_STANDARD = "gnu++20";
				CLANG_ENABLE_MODULES = YES;
				CLANG_ENABLE_OBJC_ARC = YES;
				CLANG_ENABLE_OBJC_WEAK = YES;
				CLANG_WARN_BLOCK_CAPTURE_AUTORELEASING = YES;
				CLANG_WARN_BOOL_CONVERSION = YES;
				CLANG_WARN_COMMA = YES;
				CLANG_WARN_CONSTANT_CONVERSION = YES;
				CLANG_WARN_DEPRECATED_OBJC_IMPLEMENTATIONS = YES;
				CLANG_WARN_DIRECT_OBJC_ISA_USAGE = YES_ERROR;
				CLANG_WARN_DOCUMENTATION_COMMENTS = YES;
				CLANG_WARN_EMPTY_BODY = YES;
				CLANG_WARN_ENUM_CONVERSION = YES;
				CLANG_WARN_INFINITE_RECURSION = YES;
				CLANG_WARN_INT_CONVERSION = YES;
				CLANG_WARN_NON_LITERAL_NULL_CONVERSION = YES;
				CLANG_WARN_OBJC_IMPLICIT_RETAIN_SELF = YES;
				CLANG_WARN_OBJC_LITERAL_CONVERSION = YES;
				CLANG_WARN_OBJC_ROOT_CLASS = YES_ERROR;
				CLANG_WARN_QUOTED_INCLUDE_IN_FRAMEWORK_HEADER = YES;
				CLANG_WARN_RANGE_LOOP_ANALYSIS = YES;
				CLANG_WARN_STRICT_PROTOTYPES = YES;
				CLANG_WARN_SUSPICIOUS_MOVE = YES;
				CLANG_WARN_UNGUARDED_AVAILABILITY = YES_AGGRESSIVE;
				CLANG_WARN_UNREACHABLE_CODE = YES;
				CLANG_WARN__DUPLICATE_METHOD_MATCH = YES;
				COPY_PHASE_STRIP = NO;
				DEBUG_INFORMATION_FORMAT = dwarf;
				ENABLE_STRICT_OBJC_MSGSEND = YES;
				ENABLE_TESTABILITY = YES;
				ENABLE_USER_SCRIPT_SANDBOXING = YES;
				GCC_C_LANGUAGE_STANDARD = gnu17;
				GCC_DYNAMIC_NO_PIC = NO;
				GCC_NO_COMMON_BLOCKS = YES;
				GCC_OPTIMIZATION_LEVEL = 0;
				GCC_PREPROCESSOR_DEFINITIONS = (
					"DEBUG=1",
					"$(inherited)",
				);
				GCC_WARN_64_TO_32_BIT_CONVERSION = YES;
				GCC_WARN_ABOUT_RETURN_TYPE = YES_ERROR;
				GCC_WARN_UNDECLARED_SELECTOR = YES;
				GCC_WARN_UNINITIALIZED_AUTOS = YES_AGGRESSIVE;
				GCC_WARN_UNUSED_FUNCTION = YES;
				GCC_WARN_UNUSED_VARIABLE = YES;
				IPHONEOS_DEPLOYMENT_TARGET = 17.0;
				LOCALIZATION_PREFERS_STRING_CATALOGS = YES;
				MTL_ENABLE_DEBUG_INFO = INCLUDE_SOURCE;
				MTL_FAST_MATH = YES;
				ONLY_ACTIVE_ARCH = YES;
				SDKROOT = iphoneos;
				SWIFT_ACTIVE_COMPILATION_CONDITIONS = "DEBUG $(inherited)";
				SWIFT_OPTIMIZATION_LEVEL = "-Onone";
			};
			name = Debug;
		};
		B39E3B582AF8F53F00403A4D /* Release */ = {
			isa = XCBuildConfiguration;
			buildSettings = {
				ALWAYS_SEARCH_USER_PATHS = NO;
				ASSETCATALOG_COMPILER_GENERATE_SWIFT_ASSET_SYMBOL_EXTENSIONS = YES;
				CLANG_ANALYZER_NONNULL = YES;
				CLANG_ANALYZER_NUMBER_OBJECT_CONVERSION = YES_AGGRESSIVE;
				CLANG_CXX_LANGUAGE_STANDARD = "gnu++20";
				CLANG_ENABLE_MODULES = YES;
				CLANG_ENABLE_OBJC_ARC = YES;
				CLANG_ENABLE_OBJC_WEAK = YES;
				CLANG_WARN_BLOCK_CAPTURE_AUTORELEASING = YES;
				CLANG_WARN_BOOL_CONVERSION = YES;
				CLANG_WARN_COMMA = YES;
				CLANG_WARN_CONSTANT_CONVERSION = YES;
				CLANG_WARN_DEPRECATED_OBJC_IMPLEMENTATIONS = YES;
				CLANG_WARN_DIRECT_OBJC_ISA_USAGE = YES_ERROR;
				CLANG_WARN_DOCUMENTATION_COMMENTS = YES;
				CLANG_WARN_EMPTY_BODY = YES;
				CLANG_WARN_ENUM_CONVERSION = YES;
				CLANG_WARN_INFINITE_RECURSION = YES;
				CLANG_WARN_INT_CONVERSION = YES;
				CLANG_WARN_NON_LITERAL_NULL_CONVERSION = YES;
				CLANG_WARN_OBJC_IMPLICIT_RETAIN_SELF = YES;
				CLANG_WARN_OBJC_LITERAL_CONVERSION = YES;
				CLANG_WARN_OBJC_ROOT_CLASS = YES_ERROR;
				CLANG_WARN_QUOTED_INCLUDE_IN_FRAMEWORK_HEADER = YES;
				CLANG_WARN_RANGE_LOOP_ANALYSIS = YES;
				CLANG_WARN_STRICT_PROTOTYPES = YES;
				CLANG_WARN_SUSPICIOUS_MOVE = YES;
				CLANG_WARN_UNGUARDED_AVAILABILITY = YES_AGGRESSIVE;
				CLANG_WARN_UNREACHABLE_CODE = YES;
				CLANG_WARN__DUPLICATE_METHOD_MATCH = YES;
				COPY_PHASE_STRIP = NO;
				DEBUG_INFORMATION_FORMAT = "dwarf-with-dsym";
				ENABLE_NS_ASSERTIONS = NO;
				ENABLE_STRICT_OBJC_MSGSEND = YES;
				ENABLE_USER_SCRIPT_SANDBOXING = YES;
				GCC_C_LANGUAGE_STANDARD = gnu17;
				GCC_NO_COMMON_BLOCKS = YES;
				GCC_WARN_64_TO_32_BIT_CONVERSION = YES;
				GCC_WARN_ABOUT_RETURN_TYPE = YES_ERROR;
				GCC_WARN_UNDECLARED_SELECTOR = YES;
				GCC_WARN_UNINITIALIZED_AUTOS = YES_AGGRESSIVE;
				GCC_WARN_UNUSED_FUNCTION = YES;
				GCC_WARN_UNUSED_VARIABLE = YES;
				IPHONEOS_DEPLOYMENT_TARGET = 17.0;
				LOCALIZATION_PREFERS_STRING_CATALOGS = YES;
				MTL_ENABLE_DEBUG_INFO = NO;
				MTL_FAST_MATH = YES;
				SDKROOT = iphoneos;
				SWIFT_COMPILATION_MODE = wholemodule;
				VALIDATE_PRODUCT = YES;
			};
			name = Release;
		};
		B39E3B5A2AF8F53F00403A4D /* Debug */ = {
			isa = XCBuildConfiguration;
			baseConfigurationReference = A69BC67828A7370E3A5ABA19 /* Pods-LibraryExtension.debug.xcconfig */;
			buildSettings = {
				ASSETCATALOG_COMPILER_APPICON_NAME = AppIcon;
				ASSETCATALOG_COMPILER_GLOBAL_ACCENT_COLOR_NAME = AccentColor;
				CODE_SIGN_STYLE = Automatic;
				CURRENT_PROJECT_VERSION = 1;
				DEVELOPMENT_TEAM = 85KHKQ87T4;
				ENABLE_USER_SCRIPT_SANDBOXING = NO;
				GENERATE_INFOPLIST_FILE = YES;
				INFOPLIST_FILE = LibraryExtension/Info.plist;
				INFOPLIST_KEY_UIApplicationSupportsIndirectInputEvents = YES;
				INFOPLIST_KEY_UILaunchStoryboardName = LaunchScreen;
				INFOPLIST_KEY_UIMainStoryboardFile = Main;
				INFOPLIST_KEY_UISupportedInterfaceOrientations_iPad = "UIInterfaceOrientationPortrait UIInterfaceOrientationPortraitUpsideDown UIInterfaceOrientationLandscapeLeft UIInterfaceOrientationLandscapeRight";
				INFOPLIST_KEY_UISupportedInterfaceOrientations_iPhone = "UIInterfaceOrientationPortrait UIInterfaceOrientationLandscapeLeft UIInterfaceOrientationLandscapeRight";
				LD_RUNPATH_SEARCH_PATHS = (
					"$(inherited)",
					"@executable_path/Frameworks",
				);
				MARKETING_VERSION = 1.0;
				PRODUCT_BUNDLE_IDENTIFIER = SK.LibraryExtension;
				PRODUCT_NAME = "$(TARGET_NAME)";
				SWIFT_EMIT_LOC_STRINGS = YES;
				SWIFT_VERSION = 5.0;
				TARGETED_DEVICE_FAMILY = "1,2";
			};
			name = Debug;
		};
		B39E3B5B2AF8F53F00403A4D /* Release */ = {
			isa = XCBuildConfiguration;
			baseConfigurationReference = 38386BA16B9AB0A4FFF83D06 /* Pods-LibraryExtension.release.xcconfig */;
			buildSettings = {
				ASSETCATALOG_COMPILER_APPICON_NAME = AppIcon;
				ASSETCATALOG_COMPILER_GLOBAL_ACCENT_COLOR_NAME = AccentColor;
				CODE_SIGN_STYLE = Automatic;
				CURRENT_PROJECT_VERSION = 1;
				DEVELOPMENT_TEAM = 85KHKQ87T4;
				ENABLE_USER_SCRIPT_SANDBOXING = NO;
				GENERATE_INFOPLIST_FILE = YES;
				INFOPLIST_FILE = LibraryExtension/Info.plist;
				INFOPLIST_KEY_UIApplicationSupportsIndirectInputEvents = YES;
				INFOPLIST_KEY_UILaunchStoryboardName = LaunchScreen;
				INFOPLIST_KEY_UIMainStoryboardFile = Main;
				INFOPLIST_KEY_UISupportedInterfaceOrientations_iPad = "UIInterfaceOrientationPortrait UIInterfaceOrientationPortraitUpsideDown UIInterfaceOrientationLandscapeLeft UIInterfaceOrientationLandscapeRight";
				INFOPLIST_KEY_UISupportedInterfaceOrientations_iPhone = "UIInterfaceOrientationPortrait UIInterfaceOrientationLandscapeLeft UIInterfaceOrientationLandscapeRight";
				LD_RUNPATH_SEARCH_PATHS = (
					"$(inherited)",
					"@executable_path/Frameworks",
				);
				MARKETING_VERSION = 1.0;
				PRODUCT_BUNDLE_IDENTIFIER = SK.LibraryExtension;
				PRODUCT_NAME = "$(TARGET_NAME)";
				SWIFT_EMIT_LOC_STRINGS = YES;
				SWIFT_VERSION = 5.0;
				TARGETED_DEVICE_FAMILY = "1,2";
			};
			name = Release;
		};
/* End XCBuildConfiguration section */

/* Begin XCConfigurationList section */
		B39E3B402AF8F53D00403A4D /* Build configuration list for PBXProject "LibraryExtension" */ = {
			isa = XCConfigurationList;
			buildConfigurations = (
				B39E3B572AF8F53F00403A4D /* Debug */,
				B39E3B582AF8F53F00403A4D /* Release */,
			);
			defaultConfigurationIsVisible = 0;
			defaultConfigurationName = Release;
		};
		B39E3B592AF8F53F00403A4D /* Build configuration list for PBXNativeTarget "LibraryExtension" */ = {
			isa = XCConfigurationList;
			buildConfigurations = (
				B39E3B5A2AF8F53F00403A4D /* Debug */,
				B39E3B5B2AF8F53F00403A4D /* Release */,
			);
			defaultConfigurationIsVisible = 0;
			defaultConfigurationName = Release;
		};
/* End XCConfigurationList section */
	};
	rootObject = B39E3B3D2AF8F53D00403A4D /* Project object */;
}
