// !$*UTF8*$!
{
	archiveVersion = 1;
	classes = {
	};
	objectVersion = 56;
	objects = {

/* Begin PBXBuildFile section */
		20391F752ABD857A0065230A /* AppDelegate.swift in Sources */ = {isa = PBXBuildFile; fileRef = 20391F742ABD857A0065230A /* AppDelegate.swift */; };
		20391F772ABD857A0065230A /* SceneDelegate.swift in Sources */ = {isa = PBXBuildFile; fileRef = 20391F762ABD857A0065230A /* SceneDelegate.swift */; };
		20391F792ABD857A0065230A /* ViewController.swift in Sources */ = {isa = PBXBuildFile; fileRef = 20391F782ABD857A0065230A /* ViewController.swift */; };
		20391F7C2ABD857A0065230A /* Main.storyboard in Resources */ = {isa = PBXBuildFile; fileRef = 20391F7A2ABD857A0065230A /* Main.storyboard */; };
		20391F7E2ABD857B0065230A /* Assets.xcassets in Resources */ = {isa = PBXBuildFile; fileRef = 20391F7D2ABD857B0065230A /* Assets.xcassets */; };
		20391F812ABD857B0065230A /* LaunchScreen.storyboard in Resources */ = {isa = PBXBuildFile; fileRef = 20391F7F2ABD857B0065230A /* LaunchScreen.storyboard */; };
		20391F8C2ABD857B0065230A /* instagram2Tests.swift in Sources */ = {isa = PBXBuildFile; fileRef = 20391F8B2ABD857B0065230A /* instagram2Tests.swift */; };
		20391F962ABD857B0065230A /* instagram2UITests.swift in Sources */ = {isa = PBXBuildFile; fileRef = 20391F952ABD857B0065230A /* instagram2UITests.swift */; };
		20391F982ABD857B0065230A /* instagram2UITestsLaunchTests.swift in Sources */ = {isa = PBXBuildFile; fileRef = 20391F972ABD857B0065230A /* instagram2UITestsLaunchTests.swift */; };
/* End PBXBuildFile section */

/* Begin PBXContainerItemProxy section */
		20391F882ABD857B0065230A /* PBXContainerItemProxy */ = {
			isa = PBXContainerItemProxy;
			containerPortal = 20391F692ABD857A0065230A /* Project object */;
			proxyType = 1;
			remoteGlobalIDString = 20391F702ABD857A0065230A;
			remoteInfo = instagram2;
		};
		20391F922ABD857B0065230A /* PBXContainerItemProxy */ = {
			isa = PBXContainerItemProxy;
			containerPortal = 20391F692ABD857A0065230A /* Project object */;
			proxyType = 1;
			remoteGlobalIDString = 20391F702ABD857A0065230A;
			remoteInfo = instagram2;
		};
/* End PBXContainerItemProxy section */

/* Begin PBXFileReference section */
		20391F712ABD857A0065230A /* instagram2.app */ = {isa = PBXFileReference; explicitFileType = wrapper.application; includeInIndex = 0; path = instagram2.app; sourceTree = BUILT_PRODUCTS_DIR; };
		20391F742ABD857A0065230A /* AppDelegate.swift */ = {isa = PBXFileReference; lastKnownFileType = sourcecode.swift; path = AppDelegate.swift; sourceTree = "<group>"; };
		20391F762ABD857A0065230A /* SceneDelegate.swift */ = {isa = PBXFileReference; lastKnownFileType = sourcecode.swift; path = SceneDelegate.swift; sourceTree = "<group>"; };
		20391F782ABD857A0065230A /* ViewController.swift */ = {isa = PBXFileReference; lastKnownFileType = sourcecode.swift; path = ViewController.swift; sourceTree = "<group>"; };
		20391F7B2ABD857A0065230A /* Base */ = {isa = PBXFileReference; lastKnownFileType = file.storyboard; name = Base; path = Base.lproj/Main.storyboard; sourceTree = "<group>"; };
		20391F7D2ABD857B0065230A /* Assets.xcassets */ = {isa = PBXFileReference; lastKnownFileType = folder.assetcatalog; path = Assets.xcassets; sourceTree = "<group>"; };
		20391F802ABD857B0065230A /* Base */ = {isa = PBXFileReference; lastKnownFileType = file.storyboard; name = Base; path = Base.lproj/LaunchScreen.storyboard; sourceTree = "<group>"; };
		20391F822ABD857B0065230A /* Info.plist */ = {isa = PBXFileReference; lastKnownFileType = text.plist.xml; path = Info.plist; sourceTree = "<group>"; };
		20391F872ABD857B0065230A /* instagram2Tests.xctest */ = {isa = PBXFileReference; explicitFileType = wrapper.cfbundle; includeInIndex = 0; path = instagram2Tests.xctest; sourceTree = BUILT_PRODUCTS_DIR; };
		20391F8B2ABD857B0065230A /* instagram2Tests.swift */ = {isa = PBXFileReference; lastKnownFileType = sourcecode.swift; path = instagram2Tests.swift; sourceTree = "<group>"; };
		20391F912ABD857B0065230A /* instagram2UITests.xctest */ = {isa = PBXFileReference; explicitFileType = wrapper.cfbundle; includeInIndex = 0; path = instagram2UITests.xctest; sourceTree = BUILT_PRODUCTS_DIR; };
		20391F952ABD857B0065230A /* instagram2UITests.swift */ = {isa = PBXFileReference; lastKnownFileType = sourcecode.swift; path = instagram2UITests.swift; sourceTree = "<group>"; };
		20391F972ABD857B0065230A /* instagram2UITestsLaunchTests.swift */ = {isa = PBXFileReference; lastKnownFileType = sourcecode.swift; path = instagram2UITestsLaunchTests.swift; sourceTree = "<group>"; };
/* End PBXFileReference section */

/* Begin PBXFrameworksBuildPhase section */
		20391F6E2ABD857A0065230A /* Frameworks */ = {
			isa = PBXFrameworksBuildPhase;
			buildActionMask = 2147483647;
			files = (
			);
			runOnlyForDeploymentPostprocessing = 0;
		};
		20391F842ABD857B0065230A /* Frameworks */ = {
			isa = PBXFrameworksBuildPhase;
			buildActionMask = 2147483647;
			files = (
			);
			runOnlyForDeploymentPostprocessing = 0;
		};
		20391F8E2ABD857B0065230A /* Frameworks */ = {
			isa = PBXFrameworksBuildPhase;
			buildActionMask = 2147483647;
			files = (
			);
			runOnlyForDeploymentPostprocessing = 0;
		};
/* End PBXFrameworksBuildPhase section */

/* Begin PBXGroup section */
		20391F682ABD857A0065230A = {
			isa = PBXGroup;
			children = (
				20391F732ABD857A0065230A /* instagram2 */,
				20391F8A2ABD857B0065230A /* instagram2Tests */,
				20391F942ABD857B0065230A /* instagram2UITests */,
				20391F722ABD857A0065230A /* Products */,
			);
			sourceTree = "<group>";
		};
		20391F722ABD857A0065230A /* Products */ = {
			isa = PBXGroup;
			children = (
				20391F712ABD857A0065230A /* instagram2.app */,
				20391F872ABD857B0065230A /* instagram2Tests.xctest */,
				20391F912ABD857B0065230A /* instagram2UITests.xctest */,
			);
			name = Products;
			sourceTree = "<group>";
		};
		20391F732ABD857A0065230A /* instagram2 */ = {
			isa = PBXGroup;
			children = (
				20391F742ABD857A0065230A /* AppDelegate.swift */,
				20391F762ABD857A0065230A /* SceneDelegate.swift */,
				20391F782ABD857A0065230A /* ViewController.swift */,
				20391F7A2ABD857A0065230A /* Main.storyboard */,
				20391F7D2ABD857B0065230A /* Assets.xcassets */,
				20391F7F2ABD857B0065230A /* LaunchScreen.storyboard */,
				20391F822ABD857B0065230A /* Info.plist */,
			);
			path = instagram2;
			sourceTree = "<group>";
		};
		20391F8A2ABD857B0065230A /* instagram2Tests */ = {
			isa = PBXGroup;
			children = (
				20391F8B2ABD857B0065230A /* instagram2Tests.swift */,
			);
			path = instagram2Tests;
			sourceTree = "<group>";
		};
		20391F942ABD857B0065230A /* instagram2UITests */ = {
			isa = PBXGroup;
			children = (
				20391F952ABD857B0065230A /* instagram2UITests.swift */,
				20391F972ABD857B0065230A /* instagram2UITestsLaunchTests.swift */,
			);
			path = instagram2UITests;
			sourceTree = "<group>";
		};
/* End PBXGroup section */

/* Begin PBXNativeTarget section */
		20391F702ABD857A0065230A /* instagram2 */ = {
			isa = PBXNativeTarget;
			buildConfigurationList = 20391F9B2ABD857B0065230A /* Build configuration list for PBXNativeTarget "instagram2" */;
			buildPhases = (
				20391F6D2ABD857A0065230A /* Sources */,
				20391F6E2ABD857A0065230A /* Frameworks */,
				20391F6F2ABD857A0065230A /* Resources */,
			);
			buildRules = (
			);
			dependencies = (
			);
			name = instagram2;
			productName = instagram2;
			productReference = 20391F712ABD857A0065230A /* instagram2.app */;
			productType = "com.apple.product-type.application";
		};
		20391F862ABD857B0065230A /* instagram2Tests */ = {
			isa = PBXNativeTarget;
			buildConfigurationList = 20391F9E2ABD857B0065230A /* Build configuration list for PBXNativeTarget "instagram2Tests" */;
			buildPhases = (
				20391F832ABD857B0065230A /* Sources */,
				20391F842ABD857B0065230A /* Frameworks */,
				20391F852ABD857B0065230A /* Resources */,
			);
			buildRules = (
			);
			dependencies = (
				20391F892ABD857B0065230A /* PBXTargetDependency */,
			);
			name = instagram2Tests;
			productName = instagram2Tests;
			productReference = 20391F872ABD857B0065230A /* instagram2Tests.xctest */;
			productType = "com.apple.product-type.bundle.unit-test";
		};
		20391F902ABD857B0065230A /* instagram2UITests */ = {
			isa = PBXNativeTarget;
			buildConfigurationList = 20391FA12ABD857B0065230A /* Build configuration list for PBXNativeTarget "instagram2UITests" */;
			buildPhases = (
				20391F8D2ABD857B0065230A /* Sources */,
				20391F8E2ABD857B0065230A /* Frameworks */,
				20391F8F2ABD857B0065230A /* Resources */,
			);
			buildRules = (
			);
			dependencies = (
				20391F932ABD857B0065230A /* PBXTargetDependency */,
			);
			name = instagram2UITests;
			productName = instagram2UITests;
			productReference = 20391F912ABD857B0065230A /* instagram2UITests.xctest */;
			productType = "com.apple.product-type.bundle.ui-testing";
		};
/* End PBXNativeTarget section */

/* Begin PBXProject section */
		20391F692ABD857A0065230A /* Project object */ = {
			isa = PBXProject;
			attributes = {
				BuildIndependentTargetsInParallel = 1;
				LastSwiftUpdateCheck = 1500;
				LastUpgradeCheck = 1500;
				TargetAttributes = {
					20391F702ABD857A0065230A = {
						CreatedOnToolsVersion = 15.0;
					};
					20391F862ABD857B0065230A = {
						CreatedOnToolsVersion = 15.0;
						TestTargetID = 20391F702ABD857A0065230A;
					};
					20391F902ABD857B0065230A = {
						CreatedOnToolsVersion = 15.0;
						TestTargetID = 20391F702ABD857A0065230A;
					};
				};
			};
			buildConfigurationList = 20391F6C2ABD857A0065230A /* Build configuration list for PBXProject "instagram2" */;
			compatibilityVersion = "Xcode 14.0";
			developmentRegion = en;
			hasScannedForEncodings = 0;
			knownRegions = (
				en,
				Base,
			);
			mainGroup = 20391F682ABD857A0065230A;
			productRefGroup = 20391F722ABD857A0065230A /* Products */;
			projectDirPath = "";
			projectRoot = "";
			targets = (
				20391F702ABD857A0065230A /* instagram2 */,
				20391F862ABD857B0065230A /* instagram2Tests */,
				20391F902ABD857B0065230A /* instagram2UITests */,
			);
		};
/* End PBXProject section */

/* Begin PBXResourcesBuildPhase section */
		20391F6F2ABD857A0065230A /* Resources */ = {
			isa = PBXResourcesBuildPhase;
			buildActionMask = 2147483647;
			files = (
				20391F812ABD857B0065230A /* LaunchScreen.storyboard in Resources */,
				20391F7E2ABD857B0065230A /* Assets.xcassets in Resources */,
				20391F7C2ABD857A0065230A /* Main.storyboard in Resources */,
			);
			runOnlyForDeploymentPostprocessing = 0;
		};
		20391F852ABD857B0065230A /* Resources */ = {
			isa = PBXResourcesBuildPhase;
			buildActionMask = 2147483647;
			files = (
			);
			runOnlyForDeploymentPostprocessing = 0;
		};
		20391F8F2ABD857B0065230A /* Resources */ = {
			isa = PBXResourcesBuildPhase;
			buildActionMask = 2147483647;
			files = (
			);
			runOnlyForDeploymentPostprocessing = 0;
		};
/* End PBXResourcesBuildPhase section */

/* Begin PBXSourcesBuildPhase section */
		20391F6D2ABD857A0065230A /* Sources */ = {
			isa = PBXSourcesBuildPhase;
			buildActionMask = 2147483647;
			files = (
				20391F792ABD857A0065230A /* ViewController.swift in Sources */,
				20391F752ABD857A0065230A /* AppDelegate.swift in Sources */,
				20391F772ABD857A0065230A /* SceneDelegate.swift in Sources */,
			);
			runOnlyForDeploymentPostprocessing = 0;
		};
		20391F832ABD857B0065230A /* Sources */ = {
			isa = PBXSourcesBuildPhase;
			buildActionMask = 2147483647;
			files = (
				20391F8C2ABD857B0065230A /* instagram2Tests.swift in Sources */,
			);
			runOnlyForDeploymentPostprocessing = 0;
		};
		20391F8D2ABD857B0065230A /* Sources */ = {
			isa = PBXSourcesBuildPhase;
			buildActionMask = 2147483647;
			files = (
				20391F982ABD857B0065230A /* instagram2UITestsLaunchTests.swift in Sources */,
				20391F962ABD857B0065230A /* instagram2UITests.swift in Sources */,
			);
			runOnlyForDeploymentPostprocessing = 0;
		};
/* End PBXSourcesBuildPhase section */

/* Begin PBXTargetDependency section */
		20391F892ABD857B0065230A /* PBXTargetDependency */ = {
			isa = PBXTargetDependency;
			target = 20391F702ABD857A0065230A /* instagram2 */;
			targetProxy = 20391F882ABD857B0065230A /* PBXContainerItemProxy */;
		};
		20391F932ABD857B0065230A /* PBXTargetDependency */ = {
			isa = PBXTargetDependency;
			target = 20391F702ABD857A0065230A /* instagram2 */;
			targetProxy = 20391F922ABD857B0065230A /* PBXContainerItemProxy */;
		};
/* End PBXTargetDependency section */

/* Begin PBXVariantGroup section */
		20391F7A2ABD857A0065230A /* Main.storyboard */ = {
			isa = PBXVariantGroup;
			children = (
				20391F7B2ABD857A0065230A /* Base */,
			);
			name = Main.storyboard;
			sourceTree = "<group>";
		};
		20391F7F2ABD857B0065230A /* LaunchScreen.storyboard */ = {
			isa = PBXVariantGroup;
			children = (
				20391F802ABD857B0065230A /* Base */,
			);
			name = LaunchScreen.storyboard;
			sourceTree = "<group>";
		};
/* End PBXVariantGroup section */

/* Begin XCBuildConfiguration section */
		20391F992ABD857B0065230A /* Debug */ = {
			isa = XCBuildConfiguration;
			buildSettings = {
				ALWAYS_SEARCH_USER_PATHS = NO;
				ASSETCATALOG_COMPILER_GENERATE_SWIFT_ASSET_SYMBOL_EXTENSIONS = YES;
				CLANG_ANALYZER_NONNULL = YES;
				CLANG_ANALYZER_NUMBER_OBJECT_CONVERSION = YES_AGGRESSIVE;
				CLANG_CXX_LANGUAGE_STANDARD = "gnu++20";
				CLANG_ENABLE_MODULES = YES;
				CLANG_ENABLE_OBJC_ARC = YES;
				CLANG_ENABLE_OBJC_WEAK = YES;
				CLANG_WARN_BLOCK_CAPTURE_AUTORELEASING = YES;
				CLANG_WARN_BOOL_CONVERSION = YES;
				CLANG_WARN_COMMA = YES;
				CLANG_WARN_CONSTANT_CONVERSION = YES;
				CLANG_WARN_DEPRECATED_OBJC_IMPLEMENTATIONS = YES;
				CLANG_WARN_DIRECT_OBJC_ISA_USAGE = YES_ERROR;
				CLANG_WARN_DOCUMENTATION_COMMENTS = YES;
				CLANG_WARN_EMPTY_BODY = YES;
				CLANG_WARN_ENUM_CONVERSION = YES;
				CLANG_WARN_INFINITE_RECURSION = YES;
				CLANG_WARN_INT_CONVERSION = YES;
				CLANG_WARN_NON_LITERAL_NULL_CONVERSION = YES;
				CLANG_WARN_OBJC_IMPLICIT_RETAIN_SELF = YES;
				CLANG_WARN_OBJC_LITERAL_CONVERSION = YES;
				CLANG_WARN_OBJC_ROOT_CLASS = YES_ERROR;
				CLANG_WARN_QUOTED_INCLUDE_IN_FRAMEWORK_HEADER = YES;
				CLANG_WARN_RANGE_LOOP_ANALYSIS = YES;
				CLANG_WARN_STRICT_PROTOTYPES = YES;
				CLANG_WARN_SUSPICIOUS_MOVE = YES;
				CLANG_WARN_UNGUARDED_AVAILABILITY = YES_AGGRESSIVE;
				CLANG_WARN_UNREACHABLE_CODE = YES;
				CLANG_WARN__DUPLICATE_METHOD_MATCH = YES;
				COPY_PHASE_STRIP = NO;
				DEBUG_INFORMATION_FORMAT = dwarf;
				ENABLE_STRICT_OBJC_MSGSEND = YES;
				ENABLE_TESTABILITY = YES;
				ENABLE_USER_SCRIPT_SANDBOXING = YES;
				GCC_C_LANGUAGE_STANDARD = gnu17;
				GCC_DYNAMIC_NO_PIC = NO;
				GCC_NO_COMMON_BLOCKS = YES;
				GCC_OPTIMIZATION_LEVEL = 0;
				GCC_PREPROCESSOR_DEFINITIONS = (
					"DEBUG=1",
					"$(inherited)",
				);
				GCC_WARN_64_TO_32_BIT_CONVERSION = YES;
				GCC_WARN_ABOUT_RETURN_TYPE = YES_ERROR;
				GCC_WARN_UNDECLARED_SELECTOR = YES;
				GCC_WARN_UNINITIALIZED_AUTOS = YES_AGGRESSIVE;
				GCC_WARN_UNUSED_FUNCTION = YES;
				GCC_WARN_UNUSED_VARIABLE = YES;
				IPHONEOS_DEPLOYMENT_TARGET = 17.0;
				LOCALIZATION_PREFERS_STRING_CATALOGS = YES;
				MTL_ENABLE_DEBUG_INFO = INCLUDE_SOURCE;
				MTL_FAST_MATH = YES;
				ONLY_ACTIVE_ARCH = YES;
				SDKROOT = iphoneos;
				SWIFT_ACTIVE_COMPILATION_CONDITIONS = "DEBUG $(inherited)";
				SWIFT_OPTIMIZATION_LEVEL = "-Onone";
			};
			name = Debug;
		};
		20391F9A2ABD857B0065230A /* Release */ = {
			isa = XCBuildConfiguration;
			buildSettings = {
				ALWAYS_SEARCH_USER_PATHS = NO;
				ASSETCATALOG_COMPILER_GENERATE_SWIFT_ASSET_SYMBOL_EXTENSIONS = YES;
				CLANG_ANALYZER_NONNULL = YES;
				CLANG_ANALYZER_NUMBER_OBJECT_CONVERSION = YES_AGGRESSIVE;
				CLANG_CXX_LANGUAGE_STANDARD = "gnu++20";
				CLANG_ENABLE_MODULES = YES;
				CLANG_ENABLE_OBJC_ARC = YES;
				CLANG_ENABLE_OBJC_WEAK = YES;
				CLANG_WARN_BLOCK_CAPTURE_AUTORELEASING = YES;
				CLANG_WARN_BOOL_CONVERSION = YES;
				CLANG_WARN_COMMA = YES;
				CLANG_WARN_CONSTANT_CONVERSION = YES;
				CLANG_WARN_DEPRECATED_OBJC_IMPLEMENTATIONS = YES;
				CLANG_WARN_DIRECT_OBJC_ISA_USAGE = YES_ERROR;
				CLANG_WARN_DOCUMENTATION_COMMENTS = YES;
				CLANG_WARN_EMPTY_BODY = YES;
				CLANG_WARN_ENUM_CONVERSION = YES;
				CLANG_WARN_INFINITE_RECURSION = YES;
				CLANG_WARN_INT_CONVERSION = YES;
				CLANG_WARN_NON_LITERAL_NULL_CONVERSION = YES;
				CLANG_WARN_OBJC_IMPLICIT_RETAIN_SELF = YES;
				CLANG_WARN_OBJC_LITERAL_CONVERSION = YES;
				CLANG_WARN_OBJC_ROOT_CLASS = YES_ERROR;
				CLANG_WARN_QUOTED_INCLUDE_IN_FRAMEWORK_HEADER = YES;
				CLANG_WARN_RANGE_LOOP_ANALYSIS = YES;
				CLANG_WARN_STRICT_PROTOTYPES = YES;
				CLANG_WARN_SUSPICIOUS_MOVE = YES;
				CLANG_WARN_UNGUARDED_AVAILABILITY = YES_AGGRESSIVE;
				CLANG_WARN_UNREACHABLE_CODE = YES;
				CLANG_WARN__DUPLICATE_METHOD_MATCH = YES;
				COPY_PHASE_STRIP = NO;
				DEBUG_INFORMATION_FORMAT = "dwarf-with-dsym";
				ENABLE_NS_ASSERTIONS = NO;
				ENABLE_STRICT_OBJC_MSGSEND = YES;
				ENABLE_USER_SCRIPT_SANDBOXING = YES;
				GCC_C_LANGUAGE_STANDARD = gnu17;
				GCC_NO_COMMON_BLOCKS = YES;
				GCC_WARN_64_TO_32_BIT_CONVERSION = YES;
				GCC_WARN_ABOUT_RETURN_TYPE = YES_ERROR;
				GCC_WARN_UNDECLARED_SELECTOR = YES;
				GCC_WARN_UNINITIALIZED_AUTOS = YES_AGGRESSIVE;
				GCC_WARN_UNUSED_FUNCTION = YES;
				GCC_WARN_UNUSED_VARIABLE = YES;
				IPHONEOS_DEPLOYMENT_TARGET = 17.0;
				LOCALIZATION_PREFERS_STRING_CATALOGS = YES;
				MTL_ENABLE_DEBUG_INFO = NO;
				MTL_FAST_MATH = YES;
				SDKROOT = iphoneos;
				SWIFT_COMPILATION_MODE = wholemodule;
				VALIDATE_PRODUCT = YES;
			};
			name = Release;
		};
		20391F9C2ABD857B0065230A /* Debug */ = {
			isa = XCBuildConfiguration;
			buildSettings = {
				ASSETCATALOG_COMPILER_APPICON_NAME = AppIcon;
				ASSETCATALOG_COMPILER_GLOBAL_ACCENT_COLOR_NAME = AccentColor;
				CODE_SIGN_STYLE = Automatic;
				CURRENT_PROJECT_VERSION = 1;
				DEVELOPMENT_TEAM = 4ND496J48G;
				GENERATE_INFOPLIST_FILE = YES;
				INFOPLIST_FILE = instagram2/Info.plist;
				INFOPLIST_KEY_UIApplicationSupportsIndirectInputEvents = YES;
				INFOPLIST_KEY_UILaunchStoryboardName = LaunchScreen;
				INFOPLIST_KEY_UIMainStoryboardFile = Main;
				INFOPLIST_KEY_UISupportedInterfaceOrientations_iPad = "UIInterfaceOrientationPortrait UIInterfaceOrientationPortraitUpsideDown UIInterfaceOrientationLandscapeLeft UIInterfaceOrientationLandscapeRight";
				INFOPLIST_KEY_UISupportedInterfaceOrientations_iPhone = "UIInterfaceOrientationPortrait UIInterfaceOrientationLandscapeLeft UIInterfaceOrientationLandscapeRight";
				LD_RUNPATH_SEARCH_PATHS = (
					"$(inherited)",
					"@executable_path/Frameworks",
				);
				MARKETING_VERSION = 1.0;
				PRODUCT_BUNDLE_IDENTIFIER = pky.instagram2;
				PRODUCT_NAME = "$(TARGET_NAME)";
				SWIFT_EMIT_LOC_STRINGS = YES;
				SWIFT_VERSION = 5.0;
				TARGETED_DEVICE_FAMILY = "1,2";
			};
			name = Debug;
		};
		20391F9D2ABD857B0065230A /* Release */ = {
			isa = XCBuildConfiguration;
			buildSettings = {
				ASSETCATALOG_COMPILER_APPICON_NAME = AppIcon;
				ASSETCATALOG_COMPILER_GLOBAL_ACCENT_COLOR_NAME = AccentColor;
				CODE_SIGN_STYLE = Automatic;
				CURRENT_PROJECT_VERSION = 1;
				DEVELOPMENT_TEAM = 4ND496J48G;
				GENERATE_INFOPLIST_FILE = YES;
				INFOPLIST_FILE = instagram2/Info.plist;
				INFOPLIST_KEY_UIApplicationSupportsIndirectInputEvents = YES;
				INFOPLIST_KEY_UILaunchStoryboardName = LaunchScreen;
				INFOPLIST_KEY_UIMainStoryboardFile = Main;
				INFOPLIST_KEY_UISupportedInterfaceOrientations_iPad = "UIInterfaceOrientationPortrait UIInterfaceOrientationPortraitUpsideDown UIInterfaceOrientationLandscapeLeft UIInterfaceOrientationLandscapeRight";
				INFOPLIST_KEY_UISupportedInterfaceOrientations_iPhone = "UIInterfaceOrientationPortrait UIInterfaceOrientationLandscapeLeft UIInterfaceOrientationLandscapeRight";
				LD_RUNPATH_SEARCH_PATHS = (
					"$(inherited)",
					"@executable_path/Frameworks",
				);
				MARKETING_VERSION = 1.0;
				PRODUCT_BUNDLE_IDENTIFIER = pky.instagram2;
				PRODUCT_NAME = "$(TARGET_NAME)";
				SWIFT_EMIT_LOC_STRINGS = YES;
				SWIFT_VERSION = 5.0;
				TARGETED_DEVICE_FAMILY = "1,2";
			};
			name = Release;
		};
		20391F9F2ABD857B0065230A /* Debug */ = {
			isa = XCBuildConfiguration;
			buildSettings = {
				ALWAYS_EMBED_SWIFT_STANDARD_LIBRARIES = YES;
				BUNDLE_LOADER = "$(TEST_HOST)";
				CODE_SIGN_STYLE = Automatic;
				CURRENT_PROJECT_VERSION = 1;
				DEVELOPMENT_TEAM = 4ND496J48G;
				GENERATE_INFOPLIST_FILE = YES;
				IPHONEOS_DEPLOYMENT_TARGET = 17.0;
				MARKETING_VERSION = 1.0;
				PRODUCT_BUNDLE_IDENTIFIER = pky.instagram2Tests;
				PRODUCT_NAME = "$(TARGET_NAME)";
				SWIFT_EMIT_LOC_STRINGS = NO;
				SWIFT_VERSION = 5.0;
				TARGETED_DEVICE_FAMILY = "1,2";
				TEST_HOST = "$(BUILT_PRODUCTS_DIR)/instagram2.app/$(BUNDLE_EXECUTABLE_FOLDER_PATH)/instagram2";
			};
			name = Debug;
		};
		20391FA02ABD857B0065230A /* Release */ = {
			isa = XCBuildConfiguration;
			buildSettings = {
				ALWAYS_EMBED_SWIFT_STANDARD_LIBRARIES = YES;
				BUNDLE_LOADER = "$(TEST_HOST)";
				CODE_SIGN_STYLE = Automatic;
				CURRENT_PROJECT_VERSION = 1;
				DEVELOPMENT_TEAM = 4ND496J48G;
				GENERATE_INFOPLIST_FILE = YES;
				IPHONEOS_DEPLOYMENT_TARGET = 17.0;
				MARKETING_VERSION = 1.0;
				PRODUCT_BUNDLE_IDENTIFIER = pky.instagram2Tests;
				PRODUCT_NAME = "$(TARGET_NAME)";
				SWIFT_EMIT_LOC_STRINGS = NO;
				SWIFT_VERSION = 5.0;
				TARGETED_DEVICE_FAMILY = "1,2";
				TEST_HOST = "$(BUILT_PRODUCTS_DIR)/instagram2.app/$(BUNDLE_EXECUTABLE_FOLDER_PATH)/instagram2";
			};
			name = Release;
		};
		20391FA22ABD857B0065230A /* Debug */ = {
			isa = XCBuildConfiguration;
			buildSettings = {
				ALWAYS_EMBED_SWIFT_STANDARD_LIBRARIES = YES;
				CODE_SIGN_STYLE = Automatic;
				CURRENT_PROJECT_VERSION = 1;
				DEVELOPMENT_TEAM = 4ND496J48G;
				GENERATE_INFOPLIST_FILE = YES;
				MARKETING_VERSION = 1.0;
				PRODUCT_BUNDLE_IDENTIFIER = pky.instagram2UITests;
				PRODUCT_NAME = "$(TARGET_NAME)";
				SWIFT_EMIT_LOC_STRINGS = NO;
				SWIFT_VERSION = 5.0;
				TARGETED_DEVICE_FAMILY = "1,2";
				TEST_TARGET_NAME = instagram2;
			};
			name = Debug;
		};
		20391FA32ABD857B0065230A /* Release */ = {
			isa = XCBuildConfiguration;
			buildSettings = {
				ALWAYS_EMBED_SWIFT_STANDARD_LIBRARIES = YES;
				CODE_SIGN_STYLE = Automatic;
				CURRENT_PROJECT_VERSION = 1;
				DEVELOPMENT_TEAM = 4ND496J48G;
				GENERATE_INFOPLIST_FILE = YES;
				MARKETING_VERSION = 1.0;
				PRODUCT_BUNDLE_IDENTIFIER = pky.instagram2UITests;
				PRODUCT_NAME = "$(TARGET_NAME)";
				SWIFT_EMIT_LOC_STRINGS = NO;
				SWIFT_VERSION = 5.0;
				TARGETED_DEVICE_FAMILY = "1,2";
				TEST_TARGET_NAME = instagram2;
			};
			name = Release;
		};
/* End XCBuildConfiguration section */

/* Begin XCConfigurationList section */
		20391F6C2ABD857A0065230A /* Build configuration list for PBXProject "instagram2" */ = {
			isa = XCConfigurationList;
			buildConfigurations = (
				20391F992ABD857B0065230A /* Debug */,
				20391F9A2ABD857B0065230A /* Release */,
			);
			defaultConfigurationIsVisible = 0;
			defaultConfigurationName = Release;
		};
		20391F9B2ABD857B0065230A /* Build configuration list for PBXNativeTarget "instagram2" */ = {
			isa = XCConfigurationList;
			buildConfigurations = (
				20391F9C2ABD857B0065230A /* Debug */,
				20391F9D2ABD857B0065230A /* Release */,
			);
			defaultConfigurationIsVisible = 0;
			defaultConfigurationName = Release;
		};
		20391F9E2ABD857B0065230A /* Build configuration list for PBXNativeTarget "instagram2Tests" */ = {
			isa = XCConfigurationList;
			buildConfigurations = (
				20391F9F2ABD857B0065230A /* Debug */,
				20391FA02ABD857B0065230A /* Release */,
			);
			defaultConfigurationIsVisible = 0;
			defaultConfigurationName = Release;
		};
		20391FA12ABD857B0065230A /* Build configuration list for PBXNativeTarget "instagram2UITests" */ = {
			isa = XCConfigurationList;
			buildConfigurations = (
				20391FA22ABD857B0065230A /* Debug */,
				20391FA32ABD857B0065230A /* Release */,
			);
			defaultConfigurationIsVisible = 0;
			defaultConfigurationName = Release;
		};
/* End XCConfigurationList section */
	};
	rootObject = 20391F692ABD857A0065230A /* Project object */;
}
